// !$*UTF8*$!
{
	archiveVersion = 1;
	classes = {
	};
	objectVersion = 51;
	objects = {

/* Begin PBXBuildFile section */
		032F23ED0F169DF328AF648E /* Pods_StarWarsDeckUITests.framework in Frameworks */ = {isa = PBXBuildFile; fileRef = B7ADD8A91651068474394467 /* Pods_StarWarsDeckUITests.framework */; };
		3E125E992697DA1C00E9A8D1 /* ListView.swift in Sources */ = {isa = PBXBuildFile; fileRef = 3E125E982697DA1C00E9A8D1 /* ListView.swift */; };
		3E125E9B2697E0CA00E9A8D1 /* ListViewController.swift in Sources */ = {isa = PBXBuildFile; fileRef = 3E125E9A2697E0CA00E9A8D1 /* ListViewController.swift */; };
		3E125E9F269883C300E9A8D1 /* Model.swift in Sources */ = {isa = PBXBuildFile; fileRef = 3E125E9E269883C300E9A8D1 /* Model.swift */; };
		3E125EA126988AFB00E9A8D1 /* ListViewModel.swift in Sources */ = {isa = PBXBuildFile; fileRef = 3E125EA026988AFB00E9A8D1 /* ListViewModel.swift */; };
		3E125EA32698D17700E9A8D1 /* FilmViewModel.swift in Sources */ = {isa = PBXBuildFile; fileRef = 3E125EA22698D17700E9A8D1 /* FilmViewModel.swift */; };
		3E125EA6269B915D00E9A8D1 /* OpeningCrawlingView.swift in Sources */ = {isa = PBXBuildFile; fileRef = 3E125EA5269B915D00E9A8D1 /* OpeningCrawlingView.swift */; };
		3E125EA9269B974000E9A8D1 /* OpeningCrawlingViewModel.swift in Sources */ = {isa = PBXBuildFile; fileRef = 3E125EA8269B974000E9A8D1 /* OpeningCrawlingViewModel.swift */; };
		3E125EAB269BC3D300E9A8D1 /* FilmView.swift in Sources */ = {isa = PBXBuildFile; fileRef = 3E125EAA269BC3D300E9A8D1 /* FilmView.swift */; };
		3E125EAE269C77E700E9A8D1 /* UIView+ViewBuilders.swift in Sources */ = {isa = PBXBuildFile; fileRef = 3E125EAD269C77E700E9A8D1 /* UIView+ViewBuilders.swift */; };
		3EAA1223270157B300582317 /* ViewCode.swift in Sources */ = {isa = PBXBuildFile; fileRef = 3EAA1222270157B300582317 /* ViewCode.swift */; };
		54C2F155F89B52E3BD92C0B6 /* Pods_StarWarsDeckTests.framework in Frameworks */ = {isa = PBXBuildFile; fileRef = AD1A6D90F39CE5E5F51D3214 /* Pods_StarWarsDeckTests.framework */; };
		C54FF60A263452D800C79A94 /* PeopleModel.swift in Sources */ = {isa = PBXBuildFile; fileRef = C54FF609263452D800C79A94 /* PeopleModel.swift */; };
		C54FF612263452E900C79A94 /* VehicleModel.swift in Sources */ = {isa = PBXBuildFile; fileRef = C54FF611263452E900C79A94 /* VehicleModel.swift */; };
		C54FF6172634530000C79A94 /* FilmModel.swift in Sources */ = {isa = PBXBuildFile; fileRef = C54FF6162634530000C79A94 /* FilmModel.swift */; };
		C54FF61C2634531600C79A94 /* StarshipModel.swift in Sources */ = {isa = PBXBuildFile; fileRef = C54FF61B2634531600C79A94 /* StarshipModel.swift */; };
		C54FF624263453A000C79A94 /* PlanetModel.swift in Sources */ = {isa = PBXBuildFile; fileRef = C54FF623263453A000C79A94 /* PlanetModel.swift */; };
		C54FF629263453BC00C79A94 /* SpecieModel.swift in Sources */ = {isa = PBXBuildFile; fileRef = C54FF628263453BC00C79A94 /* SpecieModel.swift */; };
		C54FF62F2634549C00C79A94 /* Podfile in Resources */ = {isa = PBXBuildFile; fileRef = C54FF62E2634549C00C79A94 /* Podfile */; };
		C54FF6372634561400C79A94 /* APIService.swift in Sources */ = {isa = PBXBuildFile; fileRef = C54FF6362634561400C79A94 /* APIService.swift */; };
		C54FF63D263456E300C79A94 /* FilmViewController.swift in Sources */ = {isa = PBXBuildFile; fileRef = C54FF63B263456E300C79A94 /* FilmViewController.swift */; };
		C54FF644263457F700C79A94 /* PeopleViewController.swift in Sources */ = {isa = PBXBuildFile; fileRef = C54FF642263457F700C79A94 /* PeopleViewController.swift */; };
		C54FF64C26345ED200C79A94 /* PlanetViewController.swift in Sources */ = {isa = PBXBuildFile; fileRef = C54FF64A26345ED200C79A94 /* PlanetViewController.swift */; };
		C54FF65326345EEF00C79A94 /* VehicleViewController.swift in Sources */ = {isa = PBXBuildFile; fileRef = C54FF65126345EEF00C79A94 /* VehicleViewController.swift */; };
		C54FF65A26345F0300C79A94 /* StarshipViewController.swift in Sources */ = {isa = PBXBuildFile; fileRef = C54FF65826345F0300C79A94 /* StarshipViewController.swift */; };
		C54FF6642634D7BF00C79A94 /* SpecieViewController.swift in Sources */ = {isa = PBXBuildFile; fileRef = C54FF6622634D7BF00C79A94 /* SpecieViewController.swift */; };
		C54FF6C82635EFF700C79A94 /* HomeViewController.swift in Sources */ = {isa = PBXBuildFile; fileRef = C54FF6C72635EFF700C79A94 /* HomeViewController.swift */; };
		C54FF6D7263626BA00C79A94 /* OpeningCrawlingViewController.swift in Sources */ = {isa = PBXBuildFile; fileRef = C54FF6D6263626BA00C79A94 /* OpeningCrawlingViewController.swift */; };
		C54FF6EC26365EBC00C79A94 /* .gitignore in Resources */ = {isa = PBXBuildFile; fileRef = C54FF6EB26365EBC00C79A94 /* .gitignore */; };
		C572EF3A26344EFF00CB6086 /* AppDelegate.swift in Sources */ = {isa = PBXBuildFile; fileRef = C572EF3926344EFF00CB6086 /* AppDelegate.swift */; };
		C572EF3C26344EFF00CB6086 /* SceneDelegate.swift in Sources */ = {isa = PBXBuildFile; fileRef = C572EF3B26344EFF00CB6086 /* SceneDelegate.swift */; };
		C572EF4326344F0100CB6086 /* Assets.xcassets in Resources */ = {isa = PBXBuildFile; fileRef = C572EF4226344F0100CB6086 /* Assets.xcassets */; };
		C572EF4626344F0100CB6086 /* LaunchScreen.storyboard in Resources */ = {isa = PBXBuildFile; fileRef = C572EF4426344F0100CB6086 /* LaunchScreen.storyboard */; };
		C572EF5C26344F0200CB6086 /* StarWarsDeckUITests.swift in Sources */ = {isa = PBXBuildFile; fileRef = C572EF5B26344F0200CB6086 /* StarWarsDeckUITests.swift */; };
		C5B644F9282B2B30009BC42F /* FilmViewTests.swift in Sources */ = {isa = PBXBuildFile; fileRef = C5B644F2282B1BAC009BC42F /* FilmViewTests.swift */; };
		C5B644FA282B2B30009BC42F /* HomeViewTests.swift in Sources */ = {isa = PBXBuildFile; fileRef = C5B644F5282B2280009BC42F /* HomeViewTests.swift */; };
		C5B644FB282B5BC4009BC42F /* Pods_StarWarsDeck.framework in Frameworks */ = {isa = PBXBuildFile; fileRef = ED63909D5A39BF03B998CF42 /* Pods_StarWarsDeck.framework */; };
		C5B644FC282B5BC4009BC42F /* Pods_StarWarsDeck.framework in Embed Frameworks */ = {isa = PBXBuildFile; fileRef = ED63909D5A39BF03B998CF42 /* Pods_StarWarsDeck.framework */; settings = {ATTRIBUTES = (RemoveHeadersOnCopy, ); }; };
		C5CF14D1282B5D9B00D70897 /* FilmMock.swift in Sources */ = {isa = PBXBuildFile; fileRef = C5CF14D0282B5D9B00D70897 /* FilmMock.swift */; };
		CE46A1B727C7BD5A001FB7B5 /* UINavigationBar.swift in Sources */ = {isa = PBXBuildFile; fileRef = CE46A1B627C7BD5A001FB7B5 /* UINavigationBar.swift */; };
		CED7797427760E1E003002BF /* HomeView.swift in Sources */ = {isa = PBXBuildFile; fileRef = CED7797327760E1E003002BF /* HomeView.swift */; };
		CED7797927761D8B003002BF /* HomeViewModel.swift in Sources */ = {isa = PBXBuildFile; fileRef = CED7797827761D8B003002BF /* HomeViewModel.swift */; };
		CED7797E277641A6003002BF /* HomeShortcutViewCell.swift in Sources */ = {isa = PBXBuildFile; fileRef = CED7797D277641A6003002BF /* HomeShortcutViewCell.swift */; };
		CED779832776623A003002BF /* Response.swift in Sources */ = {isa = PBXBuildFile; fileRef = CED779822776623A003002BF /* Response.swift */; };
		CEDED6B127A8B0400056497D /* ListViewCell.swift in Sources */ = {isa = PBXBuildFile; fileRef = CEDED6B027A8B0400056497D /* ListViewCell.swift */; };
		CEDED6B927A8B44C0056497D /* Result.swift in Sources */ = {isa = PBXBuildFile; fileRef = CEDED6B827A8B44C0056497D /* Result.swift */; };
/* End PBXBuildFile section */

/* Begin PBXContainerItemProxy section */
		C572EF4D26344F0200CB6086 /* PBXContainerItemProxy */ = {
			isa = PBXContainerItemProxy;
			containerPortal = C572EF2E26344EFF00CB6086 /* Project object */;
			proxyType = 1;
			remoteGlobalIDString = C572EF3526344EFF00CB6086;
			remoteInfo = StarWarsDeck;
		};
		C572EF5826344F0200CB6086 /* PBXContainerItemProxy */ = {
			isa = PBXContainerItemProxy;
			containerPortal = C572EF2E26344EFF00CB6086 /* Project object */;
			proxyType = 1;
			remoteGlobalIDString = C572EF3526344EFF00CB6086;
			remoteInfo = StarWarsDeck;
		};
/* End PBXContainerItemProxy section */

/* Begin PBXCopyFilesBuildPhase section */
		C5B644FD282B5BC4009BC42F /* Embed Frameworks */ = {
			isa = PBXCopyFilesBuildPhase;
			buildActionMask = 2147483647;
			dstPath = "";
			dstSubfolderSpec = 10;
			files = (
				C5B644FC282B5BC4009BC42F /* Pods_StarWarsDeck.framework in Embed Frameworks */,
			);
			name = "Embed Frameworks";
			runOnlyForDeploymentPostprocessing = 0;
		};
/* End PBXCopyFilesBuildPhase section */

/* Begin PBXFileReference section */
		1EA6524119C134E362E614C7 /* Pods-StarWarsDeck.release.xcconfig */ = {isa = PBXFileReference; includeInIndex = 1; lastKnownFileType = text.xcconfig; name = "Pods-StarWarsDeck.release.xcconfig"; path = "Target Support Files/Pods-StarWarsDeck/Pods-StarWarsDeck.release.xcconfig"; sourceTree = "<group>"; };
		3E125E982697DA1C00E9A8D1 /* ListView.swift */ = {isa = PBXFileReference; lastKnownFileType = sourcecode.swift; path = ListView.swift; sourceTree = "<group>"; };
		3E125E9A2697E0CA00E9A8D1 /* ListViewController.swift */ = {isa = PBXFileReference; lastKnownFileType = sourcecode.swift; path = ListViewController.swift; sourceTree = "<group>"; };
		3E125E9E269883C300E9A8D1 /* Model.swift */ = {isa = PBXFileReference; lastKnownFileType = sourcecode.swift; path = Model.swift; sourceTree = "<group>"; };
		3E125EA026988AFB00E9A8D1 /* ListViewModel.swift */ = {isa = PBXFileReference; lastKnownFileType = sourcecode.swift; path = ListViewModel.swift; sourceTree = "<group>"; };
		3E125EA22698D17700E9A8D1 /* FilmViewModel.swift */ = {isa = PBXFileReference; lastKnownFileType = sourcecode.swift; path = FilmViewModel.swift; sourceTree = "<group>"; };
		3E125EA5269B915D00E9A8D1 /* OpeningCrawlingView.swift */ = {isa = PBXFileReference; lastKnownFileType = sourcecode.swift; path = OpeningCrawlingView.swift; sourceTree = "<group>"; };
		3E125EA8269B974000E9A8D1 /* OpeningCrawlingViewModel.swift */ = {isa = PBXFileReference; lastKnownFileType = sourcecode.swift; path = OpeningCrawlingViewModel.swift; sourceTree = "<group>"; };
		3E125EAA269BC3D300E9A8D1 /* FilmView.swift */ = {isa = PBXFileReference; lastKnownFileType = sourcecode.swift; path = FilmView.swift; sourceTree = "<group>"; };
		3E125EAD269C77E700E9A8D1 /* UIView+ViewBuilders.swift */ = {isa = PBXFileReference; lastKnownFileType = sourcecode.swift; path = "UIView+ViewBuilders.swift"; sourceTree = "<group>"; };
		3EAA1222270157B300582317 /* ViewCode.swift */ = {isa = PBXFileReference; lastKnownFileType = sourcecode.swift; path = ViewCode.swift; sourceTree = "<group>"; };
		6363EBC6B6A90815E4EE04C1 /* Pods-StarWarsDeckTests.debug.xcconfig */ = {isa = PBXFileReference; includeInIndex = 1; lastKnownFileType = text.xcconfig; name = "Pods-StarWarsDeckTests.debug.xcconfig"; path = "Target Support Files/Pods-StarWarsDeckTests/Pods-StarWarsDeckTests.debug.xcconfig"; sourceTree = "<group>"; };
		7768DAE95DEF4DFB2EBEB84C /* Pods-StarWarsDeck-StarWarsDeckUITests.debug.xcconfig */ = {isa = PBXFileReference; includeInIndex = 1; lastKnownFileType = text.xcconfig; name = "Pods-StarWarsDeck-StarWarsDeckUITests.debug.xcconfig"; path = "Target Support Files/Pods-StarWarsDeck-StarWarsDeckUITests/Pods-StarWarsDeck-StarWarsDeckUITests.debug.xcconfig"; sourceTree = "<group>"; };
		7E06FAC55274CE8701EC3CA8 /* Pods-StarWarsDeckTests.release.xcconfig */ = {isa = PBXFileReference; includeInIndex = 1; lastKnownFileType = text.xcconfig; name = "Pods-StarWarsDeckTests.release.xcconfig"; path = "Target Support Files/Pods-StarWarsDeckTests/Pods-StarWarsDeckTests.release.xcconfig"; sourceTree = "<group>"; };
		A256D2B8BE2F89A4CF309AD1 /* Pods-StarWarsDeckUITests.debug.xcconfig */ = {isa = PBXFileReference; includeInIndex = 1; lastKnownFileType = text.xcconfig; name = "Pods-StarWarsDeckUITests.debug.xcconfig"; path = "Target Support Files/Pods-StarWarsDeckUITests/Pods-StarWarsDeckUITests.debug.xcconfig"; sourceTree = "<group>"; };
		AD1A6D90F39CE5E5F51D3214 /* Pods_StarWarsDeckTests.framework */ = {isa = PBXFileReference; explicitFileType = wrapper.framework; includeInIndex = 0; path = Pods_StarWarsDeckTests.framework; sourceTree = BUILT_PRODUCTS_DIR; };
		B365B18451562B23477B1795 /* Pods-StarWarsDeck.debug.xcconfig */ = {isa = PBXFileReference; includeInIndex = 1; lastKnownFileType = text.xcconfig; name = "Pods-StarWarsDeck.debug.xcconfig"; path = "Target Support Files/Pods-StarWarsDeck/Pods-StarWarsDeck.debug.xcconfig"; sourceTree = "<group>"; };
		B7ADD8A91651068474394467 /* Pods_StarWarsDeckUITests.framework */ = {isa = PBXFileReference; explicitFileType = wrapper.framework; includeInIndex = 0; path = Pods_StarWarsDeckUITests.framework; sourceTree = BUILT_PRODUCTS_DIR; };
		C54FF609263452D800C79A94 /* PeopleModel.swift */ = {isa = PBXFileReference; lastKnownFileType = sourcecode.swift; path = PeopleModel.swift; sourceTree = "<group>"; };
		C54FF611263452E900C79A94 /* VehicleModel.swift */ = {isa = PBXFileReference; lastKnownFileType = sourcecode.swift; path = VehicleModel.swift; sourceTree = "<group>"; };
		C54FF6162634530000C79A94 /* FilmModel.swift */ = {isa = PBXFileReference; lastKnownFileType = sourcecode.swift; path = FilmModel.swift; sourceTree = "<group>"; };
		C54FF61B2634531600C79A94 /* StarshipModel.swift */ = {isa = PBXFileReference; lastKnownFileType = sourcecode.swift; path = StarshipModel.swift; sourceTree = "<group>"; };
		C54FF623263453A000C79A94 /* PlanetModel.swift */ = {isa = PBXFileReference; lastKnownFileType = sourcecode.swift; path = PlanetModel.swift; sourceTree = "<group>"; };
		C54FF628263453BC00C79A94 /* SpecieModel.swift */ = {isa = PBXFileReference; lastKnownFileType = sourcecode.swift; path = SpecieModel.swift; sourceTree = "<group>"; };
		C54FF62E2634549C00C79A94 /* Podfile */ = {isa = PBXFileReference; fileEncoding = 4; lastKnownFileType = text; path = Podfile; sourceTree = "<group>"; xcLanguageSpecificationIdentifier = xcode.lang.ruby; };
		C54FF6362634561400C79A94 /* APIService.swift */ = {isa = PBXFileReference; lastKnownFileType = sourcecode.swift; path = APIService.swift; sourceTree = "<group>"; };
		C54FF63B263456E300C79A94 /* FilmViewController.swift */ = {isa = PBXFileReference; lastKnownFileType = sourcecode.swift; path = FilmViewController.swift; sourceTree = "<group>"; };
		C54FF642263457F700C79A94 /* PeopleViewController.swift */ = {isa = PBXFileReference; lastKnownFileType = sourcecode.swift; path = PeopleViewController.swift; sourceTree = "<group>"; };
		C54FF64A26345ED200C79A94 /* PlanetViewController.swift */ = {isa = PBXFileReference; lastKnownFileType = sourcecode.swift; path = PlanetViewController.swift; sourceTree = "<group>"; };
		C54FF65126345EEF00C79A94 /* VehicleViewController.swift */ = {isa = PBXFileReference; lastKnownFileType = sourcecode.swift; path = VehicleViewController.swift; sourceTree = "<group>"; };
		C54FF65826345F0300C79A94 /* StarshipViewController.swift */ = {isa = PBXFileReference; lastKnownFileType = sourcecode.swift; path = StarshipViewController.swift; sourceTree = "<group>"; };
		C54FF6622634D7BF00C79A94 /* SpecieViewController.swift */ = {isa = PBXFileReference; lastKnownFileType = sourcecode.swift; path = SpecieViewController.swift; sourceTree = "<group>"; };
		C54FF6C72635EFF700C79A94 /* HomeViewController.swift */ = {isa = PBXFileReference; lastKnownFileType = sourcecode.swift; path = HomeViewController.swift; sourceTree = "<group>"; };
		C54FF6D6263626BA00C79A94 /* OpeningCrawlingViewController.swift */ = {isa = PBXFileReference; lastKnownFileType = sourcecode.swift; path = OpeningCrawlingViewController.swift; sourceTree = "<group>"; };
		C54FF6EB26365EBC00C79A94 /* .gitignore */ = {isa = PBXFileReference; fileEncoding = 4; lastKnownFileType = text; path = .gitignore; sourceTree = "<group>"; };
		C572EF3626344EFF00CB6086 /* StarWarsDeck.app */ = {isa = PBXFileReference; explicitFileType = wrapper.application; includeInIndex = 0; path = StarWarsDeck.app; sourceTree = BUILT_PRODUCTS_DIR; };
		C572EF3926344EFF00CB6086 /* AppDelegate.swift */ = {isa = PBXFileReference; lastKnownFileType = sourcecode.swift; path = AppDelegate.swift; sourceTree = "<group>"; };
		C572EF3B26344EFF00CB6086 /* SceneDelegate.swift */ = {isa = PBXFileReference; lastKnownFileType = sourcecode.swift; path = SceneDelegate.swift; sourceTree = "<group>"; };
		C572EF4226344F0100CB6086 /* Assets.xcassets */ = {isa = PBXFileReference; lastKnownFileType = folder.assetcatalog; path = Assets.xcassets; sourceTree = "<group>"; };
		C572EF4526344F0100CB6086 /* Base */ = {isa = PBXFileReference; lastKnownFileType = file.storyboard; name = Base; path = Base.lproj/LaunchScreen.storyboard; sourceTree = "<group>"; };
		C572EF4726344F0100CB6086 /* Info.plist */ = {isa = PBXFileReference; lastKnownFileType = text.plist.xml; path = Info.plist; sourceTree = "<group>"; };
		C572EF4C26344F0200CB6086 /* StarWarsDeckTests.xctest */ = {isa = PBXFileReference; explicitFileType = wrapper.cfbundle; includeInIndex = 0; path = StarWarsDeckTests.xctest; sourceTree = BUILT_PRODUCTS_DIR; };
		C572EF5226344F0200CB6086 /* Info.plist */ = {isa = PBXFileReference; lastKnownFileType = text.plist.xml; path = Info.plist; sourceTree = "<group>"; };
		C572EF5726344F0200CB6086 /* StarWarsDeckUITests.xctest */ = {isa = PBXFileReference; explicitFileType = wrapper.cfbundle; includeInIndex = 0; path = StarWarsDeckUITests.xctest; sourceTree = BUILT_PRODUCTS_DIR; };
		C572EF5B26344F0200CB6086 /* StarWarsDeckUITests.swift */ = {isa = PBXFileReference; lastKnownFileType = sourcecode.swift; path = StarWarsDeckUITests.swift; sourceTree = "<group>"; };
		C572EF5D26344F0200CB6086 /* Info.plist */ = {isa = PBXFileReference; lastKnownFileType = text.plist.xml; path = Info.plist; sourceTree = "<group>"; };
		C5B644F2282B1BAC009BC42F /* FilmViewTests.swift */ = {isa = PBXFileReference; lastKnownFileType = sourcecode.swift; path = FilmViewTests.swift; sourceTree = "<group>"; };
		C5B644F5282B2280009BC42F /* HomeViewTests.swift */ = {isa = PBXFileReference; lastKnownFileType = sourcecode.swift; path = HomeViewTests.swift; sourceTree = "<group>"; };
		C5CF14D0282B5D9B00D70897 /* FilmMock.swift */ = {isa = PBXFileReference; lastKnownFileType = sourcecode.swift; path = FilmMock.swift; sourceTree = "<group>"; };
		CE46A1B627C7BD5A001FB7B5 /* UINavigationBar.swift */ = {isa = PBXFileReference; lastKnownFileType = sourcecode.swift; path = UINavigationBar.swift; sourceTree = "<group>"; };
		CED7797327760E1E003002BF /* HomeView.swift */ = {isa = PBXFileReference; lastKnownFileType = sourcecode.swift; path = HomeView.swift; sourceTree = "<group>"; };
		CED7797827761D8B003002BF /* HomeViewModel.swift */ = {isa = PBXFileReference; lastKnownFileType = sourcecode.swift; path = HomeViewModel.swift; sourceTree = "<group>"; };
		CED7797D277641A6003002BF /* HomeShortcutViewCell.swift */ = {isa = PBXFileReference; lastKnownFileType = sourcecode.swift; path = HomeShortcutViewCell.swift; sourceTree = "<group>"; };
		CED779822776623A003002BF /* Response.swift */ = {isa = PBXFileReference; lastKnownFileType = sourcecode.swift; path = Response.swift; sourceTree = "<group>"; };
		CEDED6B027A8B0400056497D /* ListViewCell.swift */ = {isa = PBXFileReference; lastKnownFileType = sourcecode.swift; path = ListViewCell.swift; sourceTree = "<group>"; };
		CEDED6B827A8B44C0056497D /* Result.swift */ = {isa = PBXFileReference; lastKnownFileType = sourcecode.swift; path = Result.swift; sourceTree = "<group>"; };
		E9B0BA2E0142526102012900 /* Pods-StarWarsDeckUITests.release.xcconfig */ = {isa = PBXFileReference; includeInIndex = 1; lastKnownFileType = text.xcconfig; name = "Pods-StarWarsDeckUITests.release.xcconfig"; path = "Target Support Files/Pods-StarWarsDeckUITests/Pods-StarWarsDeckUITests.release.xcconfig"; sourceTree = "<group>"; };
		ED63909D5A39BF03B998CF42 /* Pods_StarWarsDeck.framework */ = {isa = PBXFileReference; explicitFileType = wrapper.framework; includeInIndex = 0; path = Pods_StarWarsDeck.framework; sourceTree = BUILT_PRODUCTS_DIR; };
		FFACB68B511D0C4350AB0649 /* Pods-StarWarsDeck-StarWarsDeckUITests.release.xcconfig */ = {isa = PBXFileReference; includeInIndex = 1; lastKnownFileType = text.xcconfig; name = "Pods-StarWarsDeck-StarWarsDeckUITests.release.xcconfig"; path = "Target Support Files/Pods-StarWarsDeck-StarWarsDeckUITests/Pods-StarWarsDeck-StarWarsDeckUITests.release.xcconfig"; sourceTree = "<group>"; };
/* End PBXFileReference section */

/* Begin PBXFrameworksBuildPhase section */
		C572EF3326344EFF00CB6086 /* Frameworks */ = {
			isa = PBXFrameworksBuildPhase;
			buildActionMask = 2147483647;
			files = (
				C5B644FB282B5BC4009BC42F /* Pods_StarWarsDeck.framework in Frameworks */,
			);
			runOnlyForDeploymentPostprocessing = 0;
		};
		C572EF4926344F0200CB6086 /* Frameworks */ = {
			isa = PBXFrameworksBuildPhase;
			buildActionMask = 2147483647;
			files = (
				54C2F155F89B52E3BD92C0B6 /* Pods_StarWarsDeckTests.framework in Frameworks */,
			);
			runOnlyForDeploymentPostprocessing = 0;
		};
		C572EF5426344F0200CB6086 /* Frameworks */ = {
			isa = PBXFrameworksBuildPhase;
			buildActionMask = 2147483647;
			files = (
				032F23ED0F169DF328AF648E /* Pods_StarWarsDeckUITests.framework in Frameworks */,
			);
			runOnlyForDeploymentPostprocessing = 0;
		};
/* End PBXFrameworksBuildPhase section */

/* Begin PBXGroup section */
		1D0374A369B79422DFEF6024 /* Pods */ = {
			isa = PBXGroup;
			children = (
				B365B18451562B23477B1795 /* Pods-StarWarsDeck.debug.xcconfig */,
				1EA6524119C134E362E614C7 /* Pods-StarWarsDeck.release.xcconfig */,
				7768DAE95DEF4DFB2EBEB84C /* Pods-StarWarsDeck-StarWarsDeckUITests.debug.xcconfig */,
				FFACB68B511D0C4350AB0649 /* Pods-StarWarsDeck-StarWarsDeckUITests.release.xcconfig */,
				6363EBC6B6A90815E4EE04C1 /* Pods-StarWarsDeckTests.debug.xcconfig */,
				7E06FAC55274CE8701EC3CA8 /* Pods-StarWarsDeckTests.release.xcconfig */,
				A256D2B8BE2F89A4CF309AD1 /* Pods-StarWarsDeckUITests.debug.xcconfig */,
				E9B0BA2E0142526102012900 /* Pods-StarWarsDeckUITests.release.xcconfig */,
			);
			path = Pods;
			sourceTree = "<group>";
		};
		3E125E9D2697E0E300E9A8D1 /* List */ = {
			isa = PBXGroup;
			children = (
				3E125E9A2697E0CA00E9A8D1 /* ListViewController.swift */,
				3E125EA026988AFB00E9A8D1 /* ListViewModel.swift */,
				CEDED6B027A8B0400056497D /* ListViewCell.swift */,
				3E125E982697DA1C00E9A8D1 /* ListView.swift */,
			);
			path = List;
			sourceTree = "<group>";
		};
		3E125EA42698D18100E9A8D1 /* Film */ = {
			isa = PBXGroup;
			children = (
				C54FF63B263456E300C79A94 /* FilmViewController.swift */,
				3E125EA22698D17700E9A8D1 /* FilmViewModel.swift */,
				3E125EAA269BC3D300E9A8D1 /* FilmView.swift */,
			);
			path = Film;
			sourceTree = "<group>";
		};
		3E125EA7269B916A00E9A8D1 /* OpeningCrawling */ = {
			isa = PBXGroup;
			children = (
				C54FF6D6263626BA00C79A94 /* OpeningCrawlingViewController.swift */,
				3E125EA8269B974000E9A8D1 /* OpeningCrawlingViewModel.swift */,
				3E125EA5269B915D00E9A8D1 /* OpeningCrawlingView.swift */,
			);
			path = OpeningCrawling;
			sourceTree = "<group>";
		};
		3EAA12212701570100582317 /* Extensions */ = {
			isa = PBXGroup;
			children = (
				3E125EAD269C77E700E9A8D1 /* UIView+ViewBuilders.swift */,
				CE46A1B627C7BD5A001FB7B5 /* UINavigationBar.swift */,
			);
			path = Extensions;
			sourceTree = "<group>";
		};
		86A7B24A5FDBAA6D9A8834F2 /* Frameworks */ = {
			isa = PBXGroup;
			children = (
				ED63909D5A39BF03B998CF42 /* Pods_StarWarsDeck.framework */,
				AD1A6D90F39CE5E5F51D3214 /* Pods_StarWarsDeckTests.framework */,
				B7ADD8A91651068474394467 /* Pods_StarWarsDeckUITests.framework */,
			);
			name = Frameworks;
			sourceTree = "<group>";
		};
		C54FF608263450F700C79A94 /* Core */ = {
			isa = PBXGroup;
			children = (
				C572EF3926344EFF00CB6086 /* AppDelegate.swift */,
				C572EF3B26344EFF00CB6086 /* SceneDelegate.swift */,
			);
			path = Core;
			sourceTree = "<group>";
		};
		C54FF62D263453C200C79A94 /* Models */ = {
			isa = PBXGroup;
			children = (
				C54FF6162634530000C79A94 /* FilmModel.swift */,
				C54FF609263452D800C79A94 /* PeopleModel.swift */,
				C54FF623263453A000C79A94 /* PlanetModel.swift */,
				C54FF628263453BC00C79A94 /* SpecieModel.swift */,
				C54FF61B2634531600C79A94 /* StarshipModel.swift */,
				C54FF611263452E900C79A94 /* VehicleModel.swift */,
				3E125E9E269883C300E9A8D1 /* Model.swift */,
				CED779822776623A003002BF /* Response.swift */,
				CEDED6B827A8B44C0056497D /* Result.swift */,
			);
			path = Models;
			sourceTree = "<group>";
		};
		C572EF2D26344EFF00CB6086 = {
			isa = PBXGroup;
			children = (
				1D0374A369B79422DFEF6024 /* Pods */,
				C572EF3726344EFF00CB6086 /* Products */,
				C572EF3826344EFF00CB6086 /* StarWarsDeck */,
				C572EF4F26344F0200CB6086 /* StarWarsDeckTests */,
				C572EF5A26344F0200CB6086 /* StarWarsDeckUITests */,
				C54FF6EB26365EBC00C79A94 /* .gitignore */,
				C54FF62E2634549C00C79A94 /* Podfile */,
				86A7B24A5FDBAA6D9A8834F2 /* Frameworks */,
			);
			sourceTree = "<group>";
		};
		C572EF3726344EFF00CB6086 /* Products */ = {
			isa = PBXGroup;
			children = (
				C572EF3626344EFF00CB6086 /* StarWarsDeck.app */,
				C572EF4C26344F0200CB6086 /* StarWarsDeckTests.xctest */,
				C572EF5726344F0200CB6086 /* StarWarsDeckUITests.xctest */,
			);
			name = Products;
			sourceTree = "<group>";
		};
		C572EF3826344EFF00CB6086 /* StarWarsDeck */ = {
			isa = PBXGroup;
			children = (
				CED7797127760B5F003002BF /* UI */,
				CED7796F27760A48003002BF /* Domain */,
				3EAA12212701570100582317 /* Extensions */,
				C54FF608263450F700C79A94 /* Core */,
				C572EF4226344F0100CB6086 /* Assets.xcassets */,
				C572EF4726344F0100CB6086 /* Info.plist */,
				C572EF4426344F0100CB6086 /* LaunchScreen.storyboard */,
			);
			path = StarWarsDeck;
			sourceTree = "<group>";
		};
		C572EF4F26344F0200CB6086 /* StarWarsDeckTests */ = {
			isa = PBXGroup;
			children = (
				C5CF14CF282B5D8700D70897 /* FilmTests */,
				C572EF5226344F0200CB6086 /* Info.plist */,
				C5B644F5282B2280009BC42F /* HomeViewTests.swift */,
			);
			path = StarWarsDeckTests;
			sourceTree = "<group>";
		};
		C572EF5A26344F0200CB6086 /* StarWarsDeckUITests */ = {
			isa = PBXGroup;
			children = (
				C572EF5D26344F0200CB6086 /* Info.plist */,
				C572EF5B26344F0200CB6086 /* StarWarsDeckUITests.swift */,
			);
			path = StarWarsDeckUITests;
			sourceTree = "<group>";
		};
		C5CF14CF282B5D8700D70897 /* FilmTests */ = {
			isa = PBXGroup;
			children = (
				C5B644F2282B1BAC009BC42F /* FilmViewTests.swift */,
				C5CF14D0282B5D9B00D70897 /* FilmMock.swift */,
			);
			path = FilmTests;
			sourceTree = "<group>";
		};
		CED7796F27760A48003002BF /* Domain */ = {
			isa = PBXGroup;
			children = (
				CED7797027760A53003002BF /* Services */,
				C54FF62D263453C200C79A94 /* Models */,
			);
			path = Domain;
			sourceTree = "<group>";
		};
		CED7797027760A53003002BF /* Services */ = {
			isa = PBXGroup;
			children = (
				C54FF6362634561400C79A94 /* APIService.swift */,
			);
			path = Services;
			sourceTree = "<group>";
		};
		CED7797127760B5F003002BF /* UI */ = {
			isa = PBXGroup;
			children = (
				CED7797227760E0C003002BF /* Home */,
				3E125EA42698D18100E9A8D1 /* Film */,
				3E125E9D2697E0E300E9A8D1 /* List */,
				3E125EA7269B916A00E9A8D1 /* OpeningCrawling */,
				C54FF642263457F700C79A94 /* PeopleViewController.swift */,
				C54FF64A26345ED200C79A94 /* PlanetViewController.swift */,
				C54FF6622634D7BF00C79A94 /* SpecieViewController.swift */,
				C54FF65826345F0300C79A94 /* StarshipViewController.swift */,
				C54FF65126345EEF00C79A94 /* VehicleViewController.swift */,
				3EAA1222270157B300582317 /* ViewCode.swift */,
			);
			path = UI;
			sourceTree = "<group>";
		};
		CED7797227760E0C003002BF /* Home */ = {
			isa = PBXGroup;
			children = (
				C54FF6C72635EFF700C79A94 /* HomeViewController.swift */,
				CED7797327760E1E003002BF /* HomeView.swift */,
				CED7797827761D8B003002BF /* HomeViewModel.swift */,
				CED7797D277641A6003002BF /* HomeShortcutViewCell.swift */,
			);
			path = Home;
			sourceTree = "<group>";
		};
/* End PBXGroup section */

/* Begin PBXNativeTarget section */
		C572EF3526344EFF00CB6086 /* StarWarsDeck */ = {
			isa = PBXNativeTarget;
			buildConfigurationList = C572EF6026344F0200CB6086 /* Build configuration list for PBXNativeTarget "StarWarsDeck" */;
			buildPhases = (
				0A6F4E0724EAD7E2F84194F8 /* [CP] Check Pods Manifest.lock */,
				C572EF3226344EFF00CB6086 /* Sources */,
				C572EF3326344EFF00CB6086 /* Frameworks */,
				C572EF3426344EFF00CB6086 /* Resources */,
				6217252B81F09954462215DC /* [CP] Embed Pods Frameworks */,
				C5B644FD282B5BC4009BC42F /* Embed Frameworks */,
			);
			buildRules = (
			);
			dependencies = (
			);
			name = StarWarsDeck;
			productName = StarWarsDeck;
			productReference = C572EF3626344EFF00CB6086 /* StarWarsDeck.app */;
			productType = "com.apple.product-type.application";
		};
		C572EF4B26344F0200CB6086 /* StarWarsDeckTests */ = {
			isa = PBXNativeTarget;
			buildConfigurationList = C572EF6326344F0200CB6086 /* Build configuration list for PBXNativeTarget "StarWarsDeckTests" */;
			buildPhases = (
				A15DFA022431845C5D8CFBC2 /* [CP] Check Pods Manifest.lock */,
				C572EF4826344F0200CB6086 /* Sources */,
				C572EF4926344F0200CB6086 /* Frameworks */,
				C572EF4A26344F0200CB6086 /* Resources */,
				3EDCBBFB8A32AA00B311EEE4 /* [CP] Embed Pods Frameworks */,
			);
			buildRules = (
			);
			dependencies = (
				C572EF4E26344F0200CB6086 /* PBXTargetDependency */,
			);
			name = StarWarsDeckTests;
			productName = StarWarsDeckTests;
			productReference = C572EF4C26344F0200CB6086 /* StarWarsDeckTests.xctest */;
			productType = "com.apple.product-type.bundle.unit-test";
		};
		C572EF5626344F0200CB6086 /* StarWarsDeckUITests */ = {
			isa = PBXNativeTarget;
			buildConfigurationList = C572EF6626344F0200CB6086 /* Build configuration list for PBXNativeTarget "StarWarsDeckUITests" */;
			buildPhases = (
				BDB48CB4F7EAE9335D60A3BB /* [CP] Check Pods Manifest.lock */,
				C572EF5326344F0200CB6086 /* Sources */,
				C572EF5426344F0200CB6086 /* Frameworks */,
				C572EF5526344F0200CB6086 /* Resources */,
			);
			buildRules = (
			);
			dependencies = (
				C572EF5926344F0200CB6086 /* PBXTargetDependency */,
			);
			name = StarWarsDeckUITests;
			productName = StarWarsDeckUITests;
			productReference = C572EF5726344F0200CB6086 /* StarWarsDeckUITests.xctest */;
			productType = "com.apple.product-type.bundle.ui-testing";
		};
/* End PBXNativeTarget section */

/* Begin PBXProject section */
		C572EF2E26344EFF00CB6086 /* Project object */ = {
			isa = PBXProject;
			attributes = {
				LastSwiftUpdateCheck = 1230;
				LastUpgradeCheck = 1230;
				TargetAttributes = {
					C572EF3526344EFF00CB6086 = {
						CreatedOnToolsVersion = 12.3;
					};
					C572EF4B26344F0200CB6086 = {
						CreatedOnToolsVersion = 12.3;
						TestTargetID = C572EF3526344EFF00CB6086;
					};
					C572EF5626344F0200CB6086 = {
						CreatedOnToolsVersion = 12.3;
						TestTargetID = C572EF3526344EFF00CB6086;
					};
				};
			};
			buildConfigurationList = C572EF3126344EFF00CB6086 /* Build configuration list for PBXProject "StarWarsDeck" */;
			compatibilityVersion = "Xcode 9.3";
			developmentRegion = en;
			hasScannedForEncodings = 0;
			knownRegions = (
				en,
				Base,
			);
			mainGroup = C572EF2D26344EFF00CB6086;
			productRefGroup = C572EF3726344EFF00CB6086 /* Products */;
			projectDirPath = "";
			projectRoot = "";
			targets = (
				C572EF3526344EFF00CB6086 /* StarWarsDeck */,
				C572EF4B26344F0200CB6086 /* StarWarsDeckTests */,
				C572EF5626344F0200CB6086 /* StarWarsDeckUITests */,
			);
		};
/* End PBXProject section */

/* Begin PBXResourcesBuildPhase section */
		C572EF3426344EFF00CB6086 /* Resources */ = {
			isa = PBXResourcesBuildPhase;
			buildActionMask = 2147483647;
			files = (
				C54FF6EC26365EBC00C79A94 /* .gitignore in Resources */,
				C572EF4626344F0100CB6086 /* LaunchScreen.storyboard in Resources */,
				C572EF4326344F0100CB6086 /* Assets.xcassets in Resources */,
				C54FF62F2634549C00C79A94 /* Podfile in Resources */,
			);
			runOnlyForDeploymentPostprocessing = 0;
		};
		C572EF4A26344F0200CB6086 /* Resources */ = {
			isa = PBXResourcesBuildPhase;
			buildActionMask = 2147483647;
			files = (
			);
			runOnlyForDeploymentPostprocessing = 0;
		};
		C572EF5526344F0200CB6086 /* Resources */ = {
			isa = PBXResourcesBuildPhase;
			buildActionMask = 2147483647;
			files = (
			);
			runOnlyForDeploymentPostprocessing = 0;
		};
/* End PBXResourcesBuildPhase section */

/* Begin PBXShellScriptBuildPhase section */
		0A6F4E0724EAD7E2F84194F8 /* [CP] Check Pods Manifest.lock */ = {
			isa = PBXShellScriptBuildPhase;
			buildActionMask = 2147483647;
			files = (
			);
			inputFileListPaths = (
			);
			inputPaths = (
				"${PODS_PODFILE_DIR_PATH}/Podfile.lock",
				"${PODS_ROOT}/Manifest.lock",
			);
			name = "[CP] Check Pods Manifest.lock";
			outputFileListPaths = (
			);
			outputPaths = (
				"$(DERIVED_FILE_DIR)/Pods-StarWarsDeck-checkManifestLockResult.txt",
			);
			runOnlyForDeploymentPostprocessing = 0;
			shellPath = /bin/sh;
			shellScript = "diff \"${PODS_PODFILE_DIR_PATH}/Podfile.lock\" \"${PODS_ROOT}/Manifest.lock\" > /dev/null\nif [ $? != 0 ] ; then\n    # print error to STDERR\n    echo \"error: The sandbox is not in sync with the Podfile.lock. Run 'pod install' or update your CocoaPods installation.\" >&2\n    exit 1\nfi\n# This output is used by Xcode 'outputs' to avoid re-running this script phase.\necho \"SUCCESS\" > \"${SCRIPT_OUTPUT_FILE_0}\"\n";
			showEnvVarsInLog = 0;
		};
		3EDCBBFB8A32AA00B311EEE4 /* [CP] Embed Pods Frameworks */ = {
			isa = PBXShellScriptBuildPhase;
			buildActionMask = 2147483647;
			files = (
			);
			inputFileListPaths = (
				"${PODS_ROOT}/Target Support Files/Pods-StarWarsDeckTests/Pods-StarWarsDeckTests-frameworks-${CONFIGURATION}-input-files.xcfilelist",
			);
			name = "[CP] Embed Pods Frameworks";
			outputFileListPaths = (
				"${PODS_ROOT}/Target Support Files/Pods-StarWarsDeckTests/Pods-StarWarsDeckTests-frameworks-${CONFIGURATION}-output-files.xcfilelist",
			);
			runOnlyForDeploymentPostprocessing = 0;
			shellPath = /bin/sh;
			shellScript = "\"${PODS_ROOT}/Target Support Files/Pods-StarWarsDeckTests/Pods-StarWarsDeckTests-frameworks.sh\"\n";
			showEnvVarsInLog = 0;
		};
		6217252B81F09954462215DC /* [CP] Embed Pods Frameworks */ = {
			isa = PBXShellScriptBuildPhase;
			buildActionMask = 2147483647;
			files = (
			);
			inputFileListPaths = (
				"${PODS_ROOT}/Target Support Files/Pods-StarWarsDeck/Pods-StarWarsDeck-frameworks-${CONFIGURATION}-input-files.xcfilelist",
			);
			name = "[CP] Embed Pods Frameworks";
			outputFileListPaths = (
				"${PODS_ROOT}/Target Support Files/Pods-StarWarsDeck/Pods-StarWarsDeck-frameworks-${CONFIGURATION}-output-files.xcfilelist",
			);
			runOnlyForDeploymentPostprocessing = 0;
			shellPath = /bin/sh;
			shellScript = "\"${PODS_ROOT}/Target Support Files/Pods-StarWarsDeck/Pods-StarWarsDeck-frameworks.sh\"\n";
			showEnvVarsInLog = 0;
		};
		A15DFA022431845C5D8CFBC2 /* [CP] Check Pods Manifest.lock */ = {
			isa = PBXShellScriptBuildPhase;
			buildActionMask = 2147483647;
			files = (
			);
			inputFileListPaths = (
			);
			inputPaths = (
				"${PODS_PODFILE_DIR_PATH}/Podfile.lock",
				"${PODS_ROOT}/Manifest.lock",
			);
			name = "[CP] Check Pods Manifest.lock";
			outputFileListPaths = (
			);
			outputPaths = (
				"$(DERIVED_FILE_DIR)/Pods-StarWarsDeckTests-checkManifestLockResult.txt",
			);
			runOnlyForDeploymentPostprocessing = 0;
			shellPath = /bin/sh;
			shellScript = "diff \"${PODS_PODFILE_DIR_PATH}/Podfile.lock\" \"${PODS_ROOT}/Manifest.lock\" > /dev/null\nif [ $? != 0 ] ; then\n    # print error to STDERR\n    echo \"error: The sandbox is not in sync with the Podfile.lock. Run 'pod install' or update your CocoaPods installation.\" >&2\n    exit 1\nfi\n# This output is used by Xcode 'outputs' to avoid re-running this script phase.\necho \"SUCCESS\" > \"${SCRIPT_OUTPUT_FILE_0}\"\n";
			showEnvVarsInLog = 0;
		};
		BDB48CB4F7EAE9335D60A3BB /* [CP] Check Pods Manifest.lock */ = {
			isa = PBXShellScriptBuildPhase;
			buildActionMask = 2147483647;
			files = (
			);
			inputFileListPaths = (
			);
			inputPaths = (
				"${PODS_PODFILE_DIR_PATH}/Podfile.lock",
				"${PODS_ROOT}/Manifest.lock",
			);
			name = "[CP] Check Pods Manifest.lock";
			outputFileListPaths = (
			);
			outputPaths = (
				"$(DERIVED_FILE_DIR)/Pods-StarWarsDeckUITests-checkManifestLockResult.txt",
			);
			runOnlyForDeploymentPostprocessing = 0;
			shellPath = /bin/sh;
			shellScript = "diff \"${PODS_PODFILE_DIR_PATH}/Podfile.lock\" \"${PODS_ROOT}/Manifest.lock\" > /dev/null\nif [ $? != 0 ] ; then\n    # print error to STDERR\n    echo \"error: The sandbox is not in sync with the Podfile.lock. Run 'pod install' or update your CocoaPods installation.\" >&2\n    exit 1\nfi\n# This output is used by Xcode 'outputs' to avoid re-running this script phase.\necho \"SUCCESS\" > \"${SCRIPT_OUTPUT_FILE_0}\"\n";
			showEnvVarsInLog = 0;
		};
/* End PBXShellScriptBuildPhase section */

/* Begin PBXSourcesBuildPhase section */
		C572EF3226344EFF00CB6086 /* Sources */ = {
			isa = PBXSourcesBuildPhase;
			buildActionMask = 2147483647;
			files = (
				3E125E9F269883C300E9A8D1 /* Model.swift in Sources */,
				3E125EA9269B974000E9A8D1 /* OpeningCrawlingViewModel.swift in Sources */,
				3EAA1223270157B300582317 /* ViewCode.swift in Sources */,
				3E125E992697DA1C00E9A8D1 /* ListView.swift in Sources */,
				C54FF65326345EEF00C79A94 /* VehicleViewController.swift in Sources */,
				C54FF63D263456E300C79A94 /* FilmViewController.swift in Sources */,
				C54FF6C82635EFF700C79A94 /* HomeViewController.swift in Sources */,
				3E125EA6269B915D00E9A8D1 /* OpeningCrawlingView.swift in Sources */,
				C54FF65A26345F0300C79A94 /* StarshipViewController.swift in Sources */,
				C54FF624263453A000C79A94 /* PlanetModel.swift in Sources */,
				3E125EAB269BC3D300E9A8D1 /* FilmView.swift in Sources */,
				CED7797427760E1E003002BF /* HomeView.swift in Sources */,
				CED7797E277641A6003002BF /* HomeShortcutViewCell.swift in Sources */,
				CEDED6B927A8B44C0056497D /* Result.swift in Sources */,
				CED7797927761D8B003002BF /* HomeViewModel.swift in Sources */,
				C54FF6D7263626BA00C79A94 /* OpeningCrawlingViewController.swift in Sources */,
				C54FF61C2634531600C79A94 /* StarshipModel.swift in Sources */,
				3E125EA32698D17700E9A8D1 /* FilmViewModel.swift in Sources */,
				3E125EA126988AFB00E9A8D1 /* ListViewModel.swift in Sources */,
				C54FF6172634530000C79A94 /* FilmModel.swift in Sources */,
				C54FF644263457F700C79A94 /* PeopleViewController.swift in Sources */,
				3E125EAE269C77E700E9A8D1 /* UIView+ViewBuilders.swift in Sources */,
				CEDED6B127A8B0400056497D /* ListViewCell.swift in Sources */,
				C54FF629263453BC00C79A94 /* SpecieModel.swift in Sources */,
				C54FF612263452E900C79A94 /* VehicleModel.swift in Sources */,
				CED779832776623A003002BF /* Response.swift in Sources */,
				C54FF6372634561400C79A94 /* APIService.swift in Sources */,
				C54FF64C26345ED200C79A94 /* PlanetViewController.swift in Sources */,
				C572EF3A26344EFF00CB6086 /* AppDelegate.swift in Sources */,
				CE46A1B727C7BD5A001FB7B5 /* UINavigationBar.swift in Sources */,
				C54FF6642634D7BF00C79A94 /* SpecieViewController.swift in Sources */,
				C54FF60A263452D800C79A94 /* PeopleModel.swift in Sources */,
				3E125E9B2697E0CA00E9A8D1 /* ListViewController.swift in Sources */,
				C572EF3C26344EFF00CB6086 /* SceneDelegate.swift in Sources */,
			);
			runOnlyForDeploymentPostprocessing = 0;
		};
		C572EF4826344F0200CB6086 /* Sources */ = {
			isa = PBXSourcesBuildPhase;
			buildActionMask = 2147483647;
			files = (
				C5B644FA282B2B30009BC42F /* HomeViewTests.swift in Sources */,
				C5CF14D1282B5D9B00D70897 /* FilmMock.swift in Sources */,
				C5B644F9282B2B30009BC42F /* FilmViewTests.swift in Sources */,
			);
			runOnlyForDeploymentPostprocessing = 0;
		};
		C572EF5326344F0200CB6086 /* Sources */ = {
			isa = PBXSourcesBuildPhase;
			buildActionMask = 2147483647;
			files = (
				C572EF5C26344F0200CB6086 /* StarWarsDeckUITests.swift in Sources */,
			);
			runOnlyForDeploymentPostprocessing = 0;
		};
/* End PBXSourcesBuildPhase section */

/* Begin PBXTargetDependency section */
		C572EF4E26344F0200CB6086 /* PBXTargetDependency */ = {
			isa = PBXTargetDependency;
			target = C572EF3526344EFF00CB6086 /* StarWarsDeck */;
			targetProxy = C572EF4D26344F0200CB6086 /* PBXContainerItemProxy */;
		};
		C572EF5926344F0200CB6086 /* PBXTargetDependency */ = {
			isa = PBXTargetDependency;
			target = C572EF3526344EFF00CB6086 /* StarWarsDeck */;
			targetProxy = C572EF5826344F0200CB6086 /* PBXContainerItemProxy */;
		};
/* End PBXTargetDependency section */

/* Begin PBXVariantGroup section */
		C572EF4426344F0100CB6086 /* LaunchScreen.storyboard */ = {
			isa = PBXVariantGroup;
			children = (
				C572EF4526344F0100CB6086 /* Base */,
			);
			name = LaunchScreen.storyboard;
			path = .;
			sourceTree = "<group>";
		};
/* End PBXVariantGroup section */

/* Begin XCBuildConfiguration section */
		C572EF5E26344F0200CB6086 /* Debug */ = {
			isa = XCBuildConfiguration;
			buildSettings = {
				ALWAYS_SEARCH_USER_PATHS = NO;
				CLANG_ANALYZER_NONNULL = YES;
				CLANG_ANALYZER_NUMBER_OBJECT_CONVERSION = YES_AGGRESSIVE;
				CLANG_CXX_LANGUAGE_STANDARD = "gnu++14";
				CLANG_CXX_LIBRARY = "libc++";
				CLANG_ENABLE_MODULES = YES;
				CLANG_ENABLE_OBJC_ARC = YES;
				CLANG_ENABLE_OBJC_WEAK = YES;
				CLANG_WARN_BLOCK_CAPTURE_AUTORELEASING = YES;
				CLANG_WARN_BOOL_CONVERSION = YES;
				CLANG_WARN_COMMA = YES;
				CLANG_WARN_CONSTANT_CONVERSION = YES;
				CLANG_WARN_DEPRECATED_OBJC_IMPLEMENTATIONS = YES;
				CLANG_WARN_DIRECT_OBJC_ISA_USAGE = YES_ERROR;
				CLANG_WARN_DOCUMENTATION_COMMENTS = YES;
				CLANG_WARN_EMPTY_BODY = YES;
				CLANG_WARN_ENUM_CONVERSION = YES;
				CLANG_WARN_INFINITE_RECURSION = YES;
				CLANG_WARN_INT_CONVERSION = YES;
				CLANG_WARN_NON_LITERAL_NULL_CONVERSION = YES;
				CLANG_WARN_OBJC_IMPLICIT_RETAIN_SELF = YES;
				CLANG_WARN_OBJC_LITERAL_CONVERSION = YES;
				CLANG_WARN_OBJC_ROOT_CLASS = YES_ERROR;
				CLANG_WARN_QUOTED_INCLUDE_IN_FRAMEWORK_HEADER = YES;
				CLANG_WARN_RANGE_LOOP_ANALYSIS = YES;
				CLANG_WARN_STRICT_PROTOTYPES = YES;
				CLANG_WARN_SUSPICIOUS_MOVE = YES;
				CLANG_WARN_UNGUARDED_AVAILABILITY = YES_AGGRESSIVE;
				CLANG_WARN_UNREACHABLE_CODE = YES;
				CLANG_WARN__DUPLICATE_METHOD_MATCH = YES;
				COPY_PHASE_STRIP = NO;
				DEBUG_INFORMATION_FORMAT = dwarf;
				ENABLE_STRICT_OBJC_MSGSEND = YES;
				ENABLE_TESTABILITY = YES;
				GCC_C_LANGUAGE_STANDARD = gnu11;
				GCC_DYNAMIC_NO_PIC = NO;
				GCC_NO_COMMON_BLOCKS = YES;
				GCC_OPTIMIZATION_LEVEL = 0;
				GCC_PREPROCESSOR_DEFINITIONS = (
					"DEBUG=1",
					"$(inherited)",
				);
				GCC_WARN_64_TO_32_BIT_CONVERSION = YES;
				GCC_WARN_ABOUT_RETURN_TYPE = YES_ERROR;
				GCC_WARN_UNDECLARED_SELECTOR = YES;
				GCC_WARN_UNINITIALIZED_AUTOS = YES_AGGRESSIVE;
				GCC_WARN_UNUSED_FUNCTION = YES;
				GCC_WARN_UNUSED_VARIABLE = YES;
				IPHONEOS_DEPLOYMENT_TARGET = 14.3;
				MTL_ENABLE_DEBUG_INFO = INCLUDE_SOURCE;
				MTL_FAST_MATH = YES;
				ONLY_ACTIVE_ARCH = YES;
				SDKROOT = iphoneos;
				SWIFT_ACTIVE_COMPILATION_CONDITIONS = DEBUG;
				SWIFT_OPTIMIZATION_LEVEL = "-Onone";
			};
			name = Debug;
		};
		C572EF5F26344F0200CB6086 /* Release */ = {
			isa = XCBuildConfiguration;
			buildSettings = {
				ALWAYS_SEARCH_USER_PATHS = NO;
				CLANG_ANALYZER_NONNULL = YES;
				CLANG_ANALYZER_NUMBER_OBJECT_CONVERSION = YES_AGGRESSIVE;
				CLANG_CXX_LANGUAGE_STANDARD = "gnu++14";
				CLANG_CXX_LIBRARY = "libc++";
				CLANG_ENABLE_MODULES = YES;
				CLANG_ENABLE_OBJC_ARC = YES;
				CLANG_ENABLE_OBJC_WEAK = YES;
				CLANG_WARN_BLOCK_CAPTURE_AUTORELEASING = YES;
				CLANG_WARN_BOOL_CONVERSION = YES;
				CLANG_WARN_COMMA = YES;
				CLANG_WARN_CONSTANT_CONVERSION = YES;
				CLANG_WARN_DEPRECATED_OBJC_IMPLEMENTATIONS = YES;
				CLANG_WARN_DIRECT_OBJC_ISA_USAGE = YES_ERROR;
				CLANG_WARN_DOCUMENTATION_COMMENTS = YES;
				CLANG_WARN_EMPTY_BODY = YES;
				CLANG_WARN_ENUM_CONVERSION = YES;
				CLANG_WARN_INFINITE_RECURSION = YES;
				CLANG_WARN_INT_CONVERSION = YES;
				CLANG_WARN_NON_LITERAL_NULL_CONVERSION = YES;
				CLANG_WARN_OBJC_IMPLICIT_RETAIN_SELF = YES;
				CLANG_WARN_OBJC_LITERAL_CONVERSION = YES;
				CLANG_WARN_OBJC_ROOT_CLASS = YES_ERROR;
				CLANG_WARN_QUOTED_INCLUDE_IN_FRAMEWORK_HEADER = YES;
				CLANG_WARN_RANGE_LOOP_ANALYSIS = YES;
				CLANG_WARN_STRICT_PROTOTYPES = YES;
				CLANG_WARN_SUSPICIOUS_MOVE = YES;
				CLANG_WARN_UNGUARDED_AVAILABILITY = YES_AGGRESSIVE;
				CLANG_WARN_UNREACHABLE_CODE = YES;
				CLANG_WARN__DUPLICATE_METHOD_MATCH = YES;
				COPY_PHASE_STRIP = NO;
				DEBUG_INFORMATION_FORMAT = "dwarf-with-dsym";
				ENABLE_NS_ASSERTIONS = NO;
				ENABLE_STRICT_OBJC_MSGSEND = YES;
				GCC_C_LANGUAGE_STANDARD = gnu11;
				GCC_NO_COMMON_BLOCKS = YES;
				GCC_WARN_64_TO_32_BIT_CONVERSION = YES;
				GCC_WARN_ABOUT_RETURN_TYPE = YES_ERROR;
				GCC_WARN_UNDECLARED_SELECTOR = YES;
				GCC_WARN_UNINITIALIZED_AUTOS = YES_AGGRESSIVE;
				GCC_WARN_UNUSED_FUNCTION = YES;
				GCC_WARN_UNUSED_VARIABLE = YES;
				IPHONEOS_DEPLOYMENT_TARGET = 14.3;
				MTL_ENABLE_DEBUG_INFO = NO;
				MTL_FAST_MATH = YES;
				SDKROOT = iphoneos;
				SWIFT_COMPILATION_MODE = wholemodule;
				SWIFT_OPTIMIZATION_LEVEL = "-O";
				VALIDATE_PRODUCT = YES;
			};
			name = Release;
		};
		C572EF6126344F0200CB6086 /* Debug */ = {
			isa = XCBuildConfiguration;
			baseConfigurationReference = B365B18451562B23477B1795 /* Pods-StarWarsDeck.debug.xcconfig */;
			buildSettings = {
				ASSETCATALOG_COMPILER_APPICON_NAME = AppIcon;
				ASSETCATALOG_COMPILER_GLOBAL_ACCENT_COLOR_NAME = AccentColor;
				CODE_SIGN_STYLE = Automatic;
				DEVELOPMENT_TEAM = RVT3J5N8K8;
				INFOPLIST_FILE = StarWarsDeck/Info.plist;
				LD_RUNPATH_SEARCH_PATHS = (
					"$(inherited)",
					"@executable_path/Frameworks",
				);
				PRODUCT_BUNDLE_IDENTIFIER = reisdev.com.br.StarWarsDeck;
				PRODUCT_NAME = "$(TARGET_NAME)";
				SWIFT_VERSION = 5.0;
				TARGETED_DEVICE_FAMILY = "1,2";
			};
			name = Debug;
		};
		C572EF6226344F0200CB6086 /* Release */ = {
			isa = XCBuildConfiguration;
			baseConfigurationReference = 1EA6524119C134E362E614C7 /* Pods-StarWarsDeck.release.xcconfig */;
			buildSettings = {
				ASSETCATALOG_COMPILER_APPICON_NAME = AppIcon;
				ASSETCATALOG_COMPILER_GLOBAL_ACCENT_COLOR_NAME = AccentColor;
				CODE_SIGN_STYLE = Automatic;
				DEVELOPMENT_TEAM = RVT3J5N8K8;
				INFOPLIST_FILE = StarWarsDeck/Info.plist;
				LD_RUNPATH_SEARCH_PATHS = (
					"$(inherited)",
					"@executable_path/Frameworks",
				);
				PRODUCT_BUNDLE_IDENTIFIER = reisdev.com.br.StarWarsDeck;
				PRODUCT_NAME = "$(TARGET_NAME)";
				SWIFT_VERSION = 5.0;
				TARGETED_DEVICE_FAMILY = "1,2";
			};
			name = Release;
		};
		C572EF6426344F0200CB6086 /* Debug */ = {
			isa = XCBuildConfiguration;
			baseConfigurationReference = 6363EBC6B6A90815E4EE04C1 /* Pods-StarWarsDeckTests.debug.xcconfig */;
			buildSettings = {
				BUNDLE_LOADER = "$(TEST_HOST)";
				CODE_SIGN_STYLE = Automatic;
				INFOPLIST_FILE = StarWarsDeckTests/Info.plist;
				IPHONEOS_DEPLOYMENT_TARGET = 14.3;
				LD_RUNPATH_SEARCH_PATHS = (
					"$(inherited)",
					"@executable_path/Frameworks",
					"@loader_path/Frameworks",
				);
				PRODUCT_BUNDLE_IDENTIFIER = reisdev.com.br.StarWarsDeckTests;
				PRODUCT_NAME = "$(TARGET_NAME)";
				SWIFT_VERSION = 5.0;
				TARGETED_DEVICE_FAMILY = "1,2";
				TEST_HOST = "$(BUILT_PRODUCTS_DIR)/StarWarsDeck.app/StarWarsDeck";
			};
			name = Debug;
		};
		C572EF6526344F0200CB6086 /* Release */ = {
			isa = XCBuildConfiguration;
			baseConfigurationReference = 7E06FAC55274CE8701EC3CA8 /* Pods-StarWarsDeckTests.release.xcconfig */;
			buildSettings = {
				BUNDLE_LOADER = "$(TEST_HOST)";
				CODE_SIGN_STYLE = Automatic;
				INFOPLIST_FILE = StarWarsDeckTests/Info.plist;
				IPHONEOS_DEPLOYMENT_TARGET = 14.3;
				LD_RUNPATH_SEARCH_PATHS = (
					"$(inherited)",
					"@executable_path/Frameworks",
					"@loader_path/Frameworks",
				);
				PRODUCT_BUNDLE_IDENTIFIER = reisdev.com.br.StarWarsDeckTests;
				PRODUCT_NAME = "$(TARGET_NAME)";
				SWIFT_VERSION = 5.0;
				TARGETED_DEVICE_FAMILY = "1,2";
				TEST_HOST = "$(BUILT_PRODUCTS_DIR)/StarWarsDeck.app/StarWarsDeck";
			};
			name = Release;
		};
		C572EF6726344F0200CB6086 /* Debug */ = {
			isa = XCBuildConfiguration;
			baseConfigurationReference = A256D2B8BE2F89A4CF309AD1 /* Pods-StarWarsDeckUITests.debug.xcconfig */;
			buildSettings = {
				ALWAYS_EMBED_SWIFT_STANDARD_LIBRARIES = YES;
				CODE_SIGN_STYLE = Automatic;
				INFOPLIST_FILE = StarWarsDeckUITests/Info.plist;
				LD_RUNPATH_SEARCH_PATHS = (
					"$(inherited)",
					"@executable_path/Frameworks",
					"@loader_path/Frameworks",
				);
				PRODUCT_BUNDLE_IDENTIFIER = reisdev.com.br.StarWarsDeckUITests;
				PRODUCT_NAME = "$(TARGET_NAME)";
				SWIFT_VERSION = 5.0;
				TARGETED_DEVICE_FAMILY = "1,2";
				TEST_TARGET_NAME = StarWarsDeck;
			};
			name = Debug;
		};
		C572EF6826344F0200CB6086 /* Release */ = {
			isa = XCBuildConfiguration;
			baseConfigurationReference = E9B0BA2E0142526102012900 /* Pods-StarWarsDeckUITests.release.xcconfig */;
			buildSettings = {
				ALWAYS_EMBED_SWIFT_STANDARD_LIBRARIES = YES;
				CODE_SIGN_STYLE = Automatic;
				INFOPLIST_FILE = StarWarsDeckUITests/Info.plist;
				LD_RUNPATH_SEARCH_PATHS = (
					"$(inherited)",
					"@executable_path/Frameworks",
					"@loader_path/Frameworks",
				);
				PRODUCT_BUNDLE_IDENTIFIER = reisdev.com.br.StarWarsDeckUITests;
				PRODUCT_NAME = "$(TARGET_NAME)";
				SWIFT_VERSION = 5.0;
				TARGETED_DEVICE_FAMILY = "1,2";
				TEST_TARGET_NAME = StarWarsDeck;
			};
			name = Release;
		};
/* End XCBuildConfiguration section */

/* Begin XCConfigurationList section */
		C572EF3126344EFF00CB6086 /* Build configuration list for PBXProject "StarWarsDeck" */ = {
			isa = XCConfigurationList;
			buildConfigurations = (
				C572EF5E26344F0200CB6086 /* Debug */,
				C572EF5F26344F0200CB6086 /* Release */,
			);
			defaultConfigurationIsVisible = 0;
			defaultConfigurationName = Release;
		};
		C572EF6026344F0200CB6086 /* Build configuration list for PBXNativeTarget "StarWarsDeck" */ = {
			isa = XCConfigurationList;
			buildConfigurations = (
				C572EF6126344F0200CB6086 /* Debug */,
				C572EF6226344F0200CB6086 /* Release */,
			);
			defaultConfigurationIsVisible = 0;
			defaultConfigurationName = Release;
		};
		C572EF6326344F0200CB6086 /* Build configuration list for PBXNativeTarget "StarWarsDeckTests" */ = {
			isa = XCConfigurationList;
			buildConfigurations = (
				C572EF6426344F0200CB6086 /* Debug */,
				C572EF6526344F0200CB6086 /* Release */,
			);
			defaultConfigurationIsVisible = 0;
			defaultConfigurationName = Release;
		};
		C572EF6626344F0200CB6086 /* Build configuration list for PBXNativeTarget "StarWarsDeckUITests" */ = {
			isa = XCConfigurationList;
			buildConfigurations = (
				C572EF6726344F0200CB6086 /* Debug */,
				C572EF6826344F0200CB6086 /* Release */,
			);
			defaultConfigurationIsVisible = 0;
			defaultConfigurationName = Release;
		};
/* End XCConfigurationList section */
	};
	rootObject = C572EF2E26344EFF00CB6086 /* Project object */;
}
