// !$*UTF8*$!
{
	archiveVersion = 1;
	classes = {
	};
	objectVersion = 70;
	objects = {

/* Begin PBXBuildFile section */
		61C7E9EC2F143149004AB492 /* SnapshotTesting in Frameworks */ = {isa = PBXBuildFile; productRef = 61C7E9EB2F143149004AB492 /* SnapshotTesting */; };
		C59BECCC2A7D009B00B3A554 /* RxCocoa in Frameworks */ = {isa = PBXBuildFile; productRef = C59BECCB2A7D009B00B3A554 /* RxCocoa */; };
		C59BECCE2A7D009B00B3A554 /* RxSwift in Frameworks */ = {isa = PBXBuildFile; productRef = C59BECCD2A7D009B00B3A554 /* RxSwift */; };
		C59BECD42A7D00BF00B3A554 /* SnapKit in Frameworks */ = {isa = PBXBuildFile; productRef = C59BECD32A7D00BF00B3A554 /* SnapKit */; };
/* End PBXBuildFile section */

/* Begin PBXContainerItemProxy section */
		C572EF4D26344F0200CB6086 /* PBXContainerItemProxy */ = {
			isa = PBXContainerItemProxy;
			containerPortal = C572EF2E26344EFF00CB6086 /* Project object */;
			proxyType = 1;
			remoteGlobalIDString = C572EF3526344EFF00CB6086;
			remoteInfo = StarWarsDeck;
		};
		C572EF5826344F0200CB6086 /* PBXContainerItemProxy */ = {
			isa = PBXContainerItemProxy;
			containerPortal = C572EF2E26344EFF00CB6086 /* Project object */;
			proxyType = 1;
			remoteGlobalIDString = C572EF3526344EFF00CB6086;
			remoteInfo = StarWarsDeck;
		};
/* End PBXContainerItemProxy section */

/* Begin PBXFileReference section */
		C572EF3626344EFF00CB6086 /* StarWars.app */ = {isa = PBXFileReference; explicitFileType = wrapper.application; includeInIndex = 0; path = StarWars.app; sourceTree = BUILT_PRODUCTS_DIR; };
		C572EF4C26344F0200CB6086 /* StarWarsTests.xctest */ = {isa = PBXFileReference; explicitFileType = wrapper.cfbundle; includeInIndex = 0; path = StarWarsTests.xctest; sourceTree = BUILT_PRODUCTS_DIR; };
		C572EF5726344F0200CB6086 /* StarWarsUITests.xctest */ = {isa = PBXFileReference; explicitFileType = wrapper.cfbundle; includeInIndex = 0; path = StarWarsUITests.xctest; sourceTree = BUILT_PRODUCTS_DIR; };
/* End PBXFileReference section */

/* Begin PBXFileSystemSynchronizedBuildFileExceptionSet section */
		61C7E9B62F1430D4004AB492 /* PBXFileSystemSynchronizedBuildFileExceptionSet */ = {
			isa = PBXFileSystemSynchronizedBuildFileExceptionSet;
			membershipExceptions = (
				Resources/Info.plist,
			);
			target = C572EF3526344EFF00CB6086 /* StarWars */;
		};
		61C7E9E42F1430F3004AB492 /* PBXFileSystemSynchronizedBuildFileExceptionSet */ = {
			isa = PBXFileSystemSynchronizedBuildFileExceptionSet;
			membershipExceptions = (
				Info.plist,
			);
			target = C572EF4B26344F0200CB6086 /* StarWarsTests */;
		};
		61C7E9E92F1430F8004AB492 /* PBXFileSystemSynchronizedBuildFileExceptionSet */ = {
			isa = PBXFileSystemSynchronizedBuildFileExceptionSet;
			membershipExceptions = (
				StarWarsUITests.swift,
			);
			target = C572EF5626344F0200CB6086 /* StarWarsUITests */;
		};
/* End PBXFileSystemSynchronizedBuildFileExceptionSet section */

/* Begin PBXFileSystemSynchronizedRootGroup section */
		61C7E9832F1430D4004AB492 /* StarWars */ = {isa = PBXFileSystemSynchronizedRootGroup; exceptions = (61C7E9B62F1430D4004AB492 /* PBXFileSystemSynchronizedBuildFileExceptionSet */, ); explicitFileTypes = {}; explicitFolders = (); path = StarWars; sourceTree = "<group>"; };
		61C7E9DA2F1430F3004AB492 /* StarWarsTests */ = {isa = PBXFileSystemSynchronizedRootGroup; exceptions = (61C7E9E42F1430F3004AB492 /* PBXFileSystemSynchronizedBuildFileExceptionSet */, ); explicitFileTypes = {}; explicitFolders = (); path = StarWarsTests; sourceTree = "<group>"; };
		61C7E9E72F1430F8004AB492 /* StarWarsUITests */ = {isa = PBXFileSystemSynchronizedRootGroup; exceptions = (61C7E9E92F1430F8004AB492 /* PBXFileSystemSynchronizedBuildFileExceptionSet */, ); explicitFileTypes = {}; explicitFolders = (); path = StarWarsUITests; sourceTree = "<group>"; };
/* End PBXFileSystemSynchronizedRootGroup section */

/* Begin PBXFrameworksBuildPhase section */
		C572EF3326344EFF00CB6086 /* Frameworks */ = {
			isa = PBXFrameworksBuildPhase;
			buildActionMask = 2147483647;
			files = (
				C59BECD42A7D00BF00B3A554 /* SnapKit in Frameworks */,
				C59BECCE2A7D009B00B3A554 /* RxSwift in Frameworks */,
				C59BECCC2A7D009B00B3A554 /* RxCocoa in Frameworks */,
			);
			runOnlyForDeploymentPostprocessing = 0;
		};
		C572EF4926344F0200CB6086 /* Frameworks */ = {
			isa = PBXFrameworksBuildPhase;
			buildActionMask = 2147483647;
			files = (
				61C7E9EC2F143149004AB492 /* SnapshotTesting in Frameworks */,
			);
			runOnlyForDeploymentPostprocessing = 0;
		};
		C572EF5426344F0200CB6086 /* Frameworks */ = {
			isa = PBXFrameworksBuildPhase;
			buildActionMask = 2147483647;
			files = (
			);
			runOnlyForDeploymentPostprocessing = 0;
		};
/* End PBXFrameworksBuildPhase section */

/* Begin PBXGroup section */
		C572EF2D26344EFF00CB6086 = {
			isa = PBXGroup;
			children = (
				61C7E9832F1430D4004AB492 /* StarWars */,
				61C7E9DA2F1430F3004AB492 /* StarWarsTests */,
				61C7E9E72F1430F8004AB492 /* StarWarsUITests */,
				C572EF3726344EFF00CB6086 /* Products */,
			);
			sourceTree = "<group>";
		};
		C572EF3726344EFF00CB6086 /* Products */ = {
			isa = PBXGroup;
			children = (
				C572EF3626344EFF00CB6086 /* StarWars.app */,
				C572EF4C26344F0200CB6086 /* StarWarsTests.xctest */,
				C572EF5726344F0200CB6086 /* StarWarsUITests.xctest */,
			);
			name = Products;
			sourceTree = "<group>";
		};
/* End PBXGroup section */

/* Begin PBXNativeTarget section */
		C572EF3526344EFF00CB6086 /* StarWars */ = {
			isa = PBXNativeTarget;
			buildConfigurationList = C572EF6026344F0200CB6086 /* Build configuration list for PBXNativeTarget "StarWars" */;
			buildPhases = (
				C572EF3226344EFF00CB6086 /* Sources */,
				C572EF3326344EFF00CB6086 /* Frameworks */,
				C572EF3426344EFF00CB6086 /* Resources */,
			);
			buildRules = (
			);
			dependencies = (
			);
			fileSystemSynchronizedGroups = (
				61C7E9832F1430D4004AB492 /* StarWars */,
			);
			name = StarWars;
			packageProductDependencies = (
				C59BECCB2A7D009B00B3A554 /* RxCocoa */,
				C59BECCD2A7D009B00B3A554 /* RxSwift */,
				C59BECD32A7D00BF00B3A554 /* SnapKit */,
			);
			productName = StarWarsDeck;
			productReference = C572EF3626344EFF00CB6086 /* StarWars.app */;
			productType = "com.apple.product-type.application";
		};
		C572EF4B26344F0200CB6086 /* StarWarsTests */ = {
			isa = PBXNativeTarget;
			buildConfigurationList = C572EF6326344F0200CB6086 /* Build configuration list for PBXNativeTarget "StarWarsTests" */;
			buildPhases = (
				C572EF4826344F0200CB6086 /* Sources */,
				C572EF4926344F0200CB6086 /* Frameworks */,
				C572EF4A26344F0200CB6086 /* Resources */,
			);
			buildRules = (
			);
			dependencies = (
				C572EF4E26344F0200CB6086 /* PBXTargetDependency */,
			);
			fileSystemSynchronizedGroups = (
				61C7E9DA2F1430F3004AB492 /* StarWarsTests */,
			);
			name = StarWarsTests;
			productName = StarWarsDeckTests;
			productReference = C572EF4C26344F0200CB6086 /* StarWarsTests.xctest */;
			productType = "com.apple.product-type.bundle.unit-test";
		};
		C572EF5626344F0200CB6086 /* StarWarsUITests */ = {
			isa = PBXNativeTarget;
			buildConfigurationList = C572EF6626344F0200CB6086 /* Build configuration list for PBXNativeTarget "StarWarsUITests" */;
			buildPhases = (
				C572EF5326344F0200CB6086 /* Sources */,
				C572EF5426344F0200CB6086 /* Frameworks */,
				C572EF5526344F0200CB6086 /* Resources */,
			);
			buildRules = (
			);
			dependencies = (
				C572EF5926344F0200CB6086 /* PBXTargetDependency */,
			);
			name = StarWarsUITests;
			productName = StarWarsDeckUITests;
			productReference = C572EF5726344F0200CB6086 /* StarWarsUITests.xctest */;
			productType = "com.apple.product-type.bundle.ui-testing";
		};
/* End PBXNativeTarget section */

/* Begin PBXProject section */
		C572EF2E26344EFF00CB6086 /* Project object */ = {
			isa = PBXProject;
			attributes = {
				BuildIndependentTargetsInParallel = YES;
				LastSwiftUpdateCheck = 1230;
				LastUpgradeCheck = 1430;
				TargetAttributes = {
					C572EF3526344EFF00CB6086 = {
						CreatedOnToolsVersion = 12.3;
					};
					C572EF4B26344F0200CB6086 = {
						CreatedOnToolsVersion = 12.3;
						TestTargetID = C572EF3526344EFF00CB6086;
					};
					C572EF5626344F0200CB6086 = {
						CreatedOnToolsVersion = 12.3;
						TestTargetID = C572EF3526344EFF00CB6086;
					};
				};
			};
			buildConfigurationList = C572EF3126344EFF00CB6086 /* Build configuration list for PBXProject "StarWars" */;
			compatibilityVersion = "Xcode 9.3";
			developmentRegion = en;
			hasScannedForEncodings = 0;
			knownRegions = (
				en,
				Base,
			);
			mainGroup = C572EF2D26344EFF00CB6086;
			packageReferences = (
				C59BECCA2A7D009B00B3A554 /* XCRemoteSwiftPackageReference "RxSwift" */,
				C59BECD22A7D00BF00B3A554 /* XCRemoteSwiftPackageReference "SnapKit" */,
				61C7E9EA2F143149004AB492 /* XCRemoteSwiftPackageReference "swift-snapshot-testing" */,
			);
			productRefGroup = C572EF3726344EFF00CB6086 /* Products */;
			projectDirPath = "";
			projectRoot = "";
			targets = (
				C572EF3526344EFF00CB6086 /* StarWars */,
				C572EF4B26344F0200CB6086 /* StarWarsTests */,
				C572EF5626344F0200CB6086 /* StarWarsUITests */,
			);
		};
/* End PBXProject section */

/* Begin PBXResourcesBuildPhase section */
		C572EF3426344EFF00CB6086 /* Resources */ = {
			isa = PBXResourcesBuildPhase;
			buildActionMask = 2147483647;
			files = (
			);
			runOnlyForDeploymentPostprocessing = 0;
		};
		C572EF4A26344F0200CB6086 /* Resources */ = {
			isa = PBXResourcesBuildPhase;
			buildActionMask = 2147483647;
			files = (
			);
			runOnlyForDeploymentPostprocessing = 0;
		};
		C572EF5526344F0200CB6086 /* Resources */ = {
			isa = PBXResourcesBuildPhase;
			buildActionMask = 2147483647;
			files = (
			);
			runOnlyForDeploymentPostprocessing = 0;
		};
/* End PBXResourcesBuildPhase section */

/* Begin PBXSourcesBuildPhase section */
		C572EF3226344EFF00CB6086 /* Sources */ = {
			isa = PBXSourcesBuildPhase;
			buildActionMask = 2147483647;
			files = (
			);
			runOnlyForDeploymentPostprocessing = 0;
		};
		C572EF4826344F0200CB6086 /* Sources */ = {
			isa = PBXSourcesBuildPhase;
			buildActionMask = 2147483647;
			files = (
			);
			runOnlyForDeploymentPostprocessing = 0;
		};
		C572EF5326344F0200CB6086 /* Sources */ = {
			isa = PBXSourcesBuildPhase;
			buildActionMask = 2147483647;
			files = (
			);
			runOnlyForDeploymentPostprocessing = 0;
		};
/* End PBXSourcesBuildPhase section */

/* Begin PBXTargetDependency section */
		C572EF4E26344F0200CB6086 /* PBXTargetDependency */ = {
			isa = PBXTargetDependency;
			target = C572EF3526344EFF00CB6086 /* StarWars */;
			targetProxy = C572EF4D26344F0200CB6086 /* PBXContainerItemProxy */;
		};
		C572EF5926344F0200CB6086 /* PBXTargetDependency */ = {
			isa = PBXTargetDependency;
			target = C572EF3526344EFF00CB6086 /* StarWars */;
			targetProxy = C572EF5826344F0200CB6086 /* PBXContainerItemProxy */;
		};
/* End PBXTargetDependency section */

/* Begin XCBuildConfiguration section */
		C572EF5E26344F0200CB6086 /* Debug */ = {
			isa = XCBuildConfiguration;
			buildSettings = {
				ALWAYS_SEARCH_USER_PATHS = NO;
				CLANG_ANALYZER_NONNULL = YES;
				CLANG_ANALYZER_NUMBER_OBJECT_CONVERSION = YES_AGGRESSIVE;
				CLANG_CXX_LANGUAGE_STANDARD = "gnu++14";
				CLANG_CXX_LIBRARY = "libc++";
				CLANG_ENABLE_MODULES = YES;
				CLANG_ENABLE_OBJC_ARC = YES;
				CLANG_ENABLE_OBJC_WEAK = YES;
				CLANG_WARN_BLOCK_CAPTURE_AUTORELEASING = YES;
				CLANG_WARN_BOOL_CONVERSION = YES;
				CLANG_WARN_COMMA = YES;
				CLANG_WARN_CONSTANT_CONVERSION = YES;
				CLANG_WARN_DEPRECATED_OBJC_IMPLEMENTATIONS = YES;
				CLANG_WARN_DIRECT_OBJC_ISA_USAGE = YES_ERROR;
				CLANG_WARN_DOCUMENTATION_COMMENTS = YES;
				CLANG_WARN_EMPTY_BODY = YES;
				CLANG_WARN_ENUM_CONVERSION = YES;
				CLANG_WARN_INFINITE_RECURSION = YES;
				CLANG_WARN_INT_CONVERSION = YES;
				CLANG_WARN_NON_LITERAL_NULL_CONVERSION = YES;
				CLANG_WARN_OBJC_IMPLICIT_RETAIN_SELF = YES;
				CLANG_WARN_OBJC_LITERAL_CONVERSION = YES;
				CLANG_WARN_OBJC_ROOT_CLASS = YES_ERROR;
				CLANG_WARN_QUOTED_INCLUDE_IN_FRAMEWORK_HEADER = YES;
				CLANG_WARN_RANGE_LOOP_ANALYSIS = YES;
				CLANG_WARN_STRICT_PROTOTYPES = YES;
				CLANG_WARN_SUSPICIOUS_MOVE = YES;
				CLANG_WARN_UNGUARDED_AVAILABILITY = YES_AGGRESSIVE;
				CLANG_WARN_UNREACHABLE_CODE = YES;
				CLANG_WARN__DUPLICATE_METHOD_MATCH = YES;
				COPY_PHASE_STRIP = NO;
				DEBUG_INFORMATION_FORMAT = dwarf;
				ENABLE_STRICT_OBJC_MSGSEND = YES;
				ENABLE_TESTABILITY = YES;
				GCC_C_LANGUAGE_STANDARD = gnu11;
				GCC_DYNAMIC_NO_PIC = NO;
				GCC_NO_COMMON_BLOCKS = YES;
				GCC_OPTIMIZATION_LEVEL = 0;
				GCC_PREPROCESSOR_DEFINITIONS = (
					"DEBUG=1",
					"$(inherited)",
				);
				GCC_WARN_64_TO_32_BIT_CONVERSION = YES;
				GCC_WARN_ABOUT_RETURN_TYPE = YES_ERROR;
				GCC_WARN_UNDECLARED_SELECTOR = YES;
				GCC_WARN_UNINITIALIZED_AUTOS = YES_AGGRESSIVE;
				GCC_WARN_UNUSED_FUNCTION = YES;
				GCC_WARN_UNUSED_VARIABLE = YES;
				IPHONEOS_DEPLOYMENT_TARGET = 14.3;
				MTL_ENABLE_DEBUG_INFO = INCLUDE_SOURCE;
				MTL_FAST_MATH = YES;
				ONLY_ACTIVE_ARCH = YES;
				SDKROOT = iphoneos;
				SWIFT_ACTIVE_COMPILATION_CONDITIONS = DEBUG;
				SWIFT_OPTIMIZATION_LEVEL = "-Onone";
			};
			name = Debug;
		};
		C572EF5F26344F0200CB6086 /* Release */ = {
			isa = XCBuildConfiguration;
			buildSettings = {
				ALWAYS_SEARCH_USER_PATHS = NO;
				CLANG_ANALYZER_NONNULL = YES;
				CLANG_ANALYZER_NUMBER_OBJECT_CONVERSION = YES_AGGRESSIVE;
				CLANG_CXX_LANGUAGE_STANDARD = "gnu++14";
				CLANG_CXX_LIBRARY = "libc++";
				CLANG_ENABLE_MODULES = YES;
				CLANG_ENABLE_OBJC_ARC = YES;
				CLANG_ENABLE_OBJC_WEAK = YES;
				CLANG_WARN_BLOCK_CAPTURE_AUTORELEASING = YES;
				CLANG_WARN_BOOL_CONVERSION = YES;
				CLANG_WARN_COMMA = YES;
				CLANG_WARN_CONSTANT_CONVERSION = YES;
				CLANG_WARN_DEPRECATED_OBJC_IMPLEMENTATIONS = YES;
				CLANG_WARN_DIRECT_OBJC_ISA_USAGE = YES_ERROR;
				CLANG_WARN_DOCUMENTATION_COMMENTS = YES;
				CLANG_WARN_EMPTY_BODY = YES;
				CLANG_WARN_ENUM_CONVERSION = YES;
				CLANG_WARN_INFINITE_RECURSION = YES;
				CLANG_WARN_INT_CONVERSION = YES;
				CLANG_WARN_NON_LITERAL_NULL_CONVERSION = YES;
				CLANG_WARN_OBJC_IMPLICIT_RETAIN_SELF = YES;
				CLANG_WARN_OBJC_LITERAL_CONVERSION = YES;
				CLANG_WARN_OBJC_ROOT_CLASS = YES_ERROR;
				CLANG_WARN_QUOTED_INCLUDE_IN_FRAMEWORK_HEADER = YES;
				CLANG_WARN_RANGE_LOOP_ANALYSIS = YES;
				CLANG_WARN_STRICT_PROTOTYPES = YES;
				CLANG_WARN_SUSPICIOUS_MOVE = YES;
				CLANG_WARN_UNGUARDED_AVAILABILITY = YES_AGGRESSIVE;
				CLANG_WARN_UNREACHABLE_CODE = YES;
				CLANG_WARN__DUPLICATE_METHOD_MATCH = YES;
				COPY_PHASE_STRIP = NO;
				DEBUG_INFORMATION_FORMAT = "dwarf-with-dsym";
				ENABLE_NS_ASSERTIONS = NO;
				ENABLE_STRICT_OBJC_MSGSEND = YES;
				GCC_C_LANGUAGE_STANDARD = gnu11;
				GCC_NO_COMMON_BLOCKS = YES;
				GCC_WARN_64_TO_32_BIT_CONVERSION = YES;
				GCC_WARN_ABOUT_RETURN_TYPE = YES_ERROR;
				GCC_WARN_UNDECLARED_SELECTOR = YES;
				GCC_WARN_UNINITIALIZED_AUTOS = YES_AGGRESSIVE;
				GCC_WARN_UNUSED_FUNCTION = YES;
				GCC_WARN_UNUSED_VARIABLE = YES;
				IPHONEOS_DEPLOYMENT_TARGET = 14.3;
				MTL_ENABLE_DEBUG_INFO = NO;
				MTL_FAST_MATH = YES;
				SDKROOT = iphoneos;
				SWIFT_COMPILATION_MODE = wholemodule;
				SWIFT_OPTIMIZATION_LEVEL = "-O";
				VALIDATE_PRODUCT = YES;
			};
			name = Release;
		};
		C572EF6126344F0200CB6086 /* Debug */ = {
			isa = XCBuildConfiguration;
			buildSettings = {
				ASSETCATALOG_COMPILER_APPICON_NAME = AppIcon;
				ASSETCATALOG_COMPILER_GLOBAL_ACCENT_COLOR_NAME = AccentColor;
				CODE_SIGN_STYLE = Automatic;
				DEVELOPMENT_TEAM = VK9JADUS66;
				INFOPLIST_FILE = StarWars/Resources/Info.plist;
				LD_RUNPATH_SEARCH_PATHS = (
					"$(inherited)",
					"@executable_path/Frameworks",
				);
				PRODUCT_BUNDLE_IDENTIFIER = reisdev.com.br.StarWars;
				PRODUCT_NAME = "$(TARGET_NAME)";
				SWIFT_VERSION = 5.0;
				TARGETED_DEVICE_FAMILY = "1,2";
			};
			name = Debug;
		};
		C572EF6226344F0200CB6086 /* Release */ = {
			isa = XCBuildConfiguration;
			buildSettings = {
				ASSETCATALOG_COMPILER_APPICON_NAME = AppIcon;
				ASSETCATALOG_COMPILER_GLOBAL_ACCENT_COLOR_NAME = AccentColor;
				CODE_SIGN_STYLE = Automatic;
				DEVELOPMENT_TEAM = VK9JADUS66;
				INFOPLIST_FILE = StarWars/Resources/Info.plist;
				LD_RUNPATH_SEARCH_PATHS = (
					"$(inherited)",
					"@executable_path/Frameworks",
				);
				PRODUCT_BUNDLE_IDENTIFIER = reisdev.com.br.StarWars;
				PRODUCT_NAME = "$(TARGET_NAME)";
				SWIFT_VERSION = 5.0;
				TARGETED_DEVICE_FAMILY = "1,2";
			};
			name = Release;
		};
		C572EF6426344F0200CB6086 /* Debug */ = {
			isa = XCBuildConfiguration;
			buildSettings = {
				BUNDLE_LOADER = "$(TEST_HOST)";
				CODE_SIGN_STYLE = Automatic;
				DEVELOPMENT_TEAM = VK9JADUS66;
				INFOPLIST_FILE = StarWarsTests/Info.plist;
				IPHONEOS_DEPLOYMENT_TARGET = 14.3;
				LD_RUNPATH_SEARCH_PATHS = (
					"$(inherited)",
					"@executable_path/Frameworks",
					"@loader_path/Frameworks",
				);
				PRODUCT_BUNDLE_IDENTIFIER = reisdev.com.br.StarWarsTests;
				PRODUCT_NAME = "$(TARGET_NAME)";
				SWIFT_VERSION = 5.0;
				TARGETED_DEVICE_FAMILY = "1,2";
				TEST_HOST = "$(BUILT_PRODUCTS_DIR)/StarWars.app/StarWars";
			};
			name = Debug;
		};
		C572EF6526344F0200CB6086 /* Release */ = {
			isa = XCBuildConfiguration;
			buildSettings = {
				BUNDLE_LOADER = "$(TEST_HOST)";
				CODE_SIGN_STYLE = Automatic;
				DEVELOPMENT_TEAM = VK9JADUS66;
				INFOPLIST_FILE = StarWarsTests/Info.plist;
				IPHONEOS_DEPLOYMENT_TARGET = 14.3;
				LD_RUNPATH_SEARCH_PATHS = (
					"$(inherited)",
					"@executable_path/Frameworks",
					"@loader_path/Frameworks",
				);
				PRODUCT_BUNDLE_IDENTIFIER = reisdev.com.br.StarWarsTests;
				PRODUCT_NAME = "$(TARGET_NAME)";
				SWIFT_VERSION = 5.0;
				TARGETED_DEVICE_FAMILY = "1,2";
				TEST_HOST = "$(BUILT_PRODUCTS_DIR)/StarWars.app/StarWars";
			};
			name = Release;
		};
		C572EF6726344F0200CB6086 /* Debug */ = {
			isa = XCBuildConfiguration;
			buildSettings = {
				CODE_SIGN_STYLE = Automatic;
				DEVELOPMENT_TEAM = VK9JADUS66;
				INFOPLIST_FILE = StarWarsUITests/Info.plist;
				LD_RUNPATH_SEARCH_PATHS = (
					"$(inherited)",
					"@executable_path/Frameworks",
					"@loader_path/Frameworks",
				);
				PRODUCT_BUNDLE_IDENTIFIER = reisdev.com.br.StarWarsUITests;
				PRODUCT_NAME = "$(TARGET_NAME)";
				SWIFT_VERSION = 5.0;
				TARGETED_DEVICE_FAMILY = "1,2";
				TEST_TARGET_NAME = StarWarsDeck;
			};
			name = Debug;
		};
		C572EF6826344F0200CB6086 /* Release */ = {
			isa = XCBuildConfiguration;
			buildSettings = {
				CODE_SIGN_STYLE = Automatic;
				DEVELOPMENT_TEAM = VK9JADUS66;
				INFOPLIST_FILE = StarWarsUITests/Info.plist;
				LD_RUNPATH_SEARCH_PATHS = (
					"$(inherited)",
					"@executable_path/Frameworks",
					"@loader_path/Frameworks",
				);
				PRODUCT_BUNDLE_IDENTIFIER = reisdev.com.br.StarWarsUITests;
				PRODUCT_NAME = "$(TARGET_NAME)";
				SWIFT_VERSION = 5.0;
				TARGETED_DEVICE_FAMILY = "1,2";
				TEST_TARGET_NAME = StarWarsDeck;
			};
			name = Release;
		};
/* End XCBuildConfiguration section */

/* Begin XCConfigurationList section */
		C572EF3126344EFF00CB6086 /* Build configuration list for PBXProject "StarWars" */ = {
			isa = XCConfigurationList;
			buildConfigurations = (
				C572EF5E26344F0200CB6086 /* Debug */,
				C572EF5F26344F0200CB6086 /* Release */,
			);
			defaultConfigurationIsVisible = 0;
			defaultConfigurationName = Release;
		};
		C572EF6026344F0200CB6086 /* Build configuration list for PBXNativeTarget "StarWars" */ = {
			isa = XCConfigurationList;
			buildConfigurations = (
				C572EF6126344F0200CB6086 /* Debug */,
				C572EF6226344F0200CB6086 /* Release */,
			);
			defaultConfigurationIsVisible = 0;
			defaultConfigurationName = Release;
		};
		C572EF6326344F0200CB6086 /* Build configuration list for PBXNativeTarget "StarWarsTests" */ = {
			isa = XCConfigurationList;
			buildConfigurations = (
				C572EF6426344F0200CB6086 /* Debug */,
				C572EF6526344F0200CB6086 /* Release */,
			);
			defaultConfigurationIsVisible = 0;
			defaultConfigurationName = Release;
		};
		C572EF6626344F0200CB6086 /* Build configuration list for PBXNativeTarget "StarWarsUITests" */ = {
			isa = XCConfigurationList;
			buildConfigurations = (
				C572EF6726344F0200CB6086 /* Debug */,
				C572EF6826344F0200CB6086 /* Release */,
			);
			defaultConfigurationIsVisible = 0;
			defaultConfigurationName = Release;
		};
/* End XCConfigurationList section */

/* Begin XCRemoteSwiftPackageReference section */
		61C7E9EA2F143149004AB492 /* XCRemoteSwiftPackageReference "swift-snapshot-testing" */ = {
			isa = XCRemoteSwiftPackageReference;
			repositoryURL = "https://github.com/pointfreeco/swift-snapshot-testing";
			requirement = {
				kind = upToNextMajorVersion;
				minimumVersion = 1.18.7;
			};
		};
		C59BECCA2A7D009B00B3A554 /* XCRemoteSwiftPackageReference "RxSwift" */ = {
			isa = XCRemoteSwiftPackageReference;
			repositoryURL = "https://github.com/ReactiveX/RxSwift";
			requirement = {
				kind = upToNextMajorVersion;
				minimumVersion = 5.0.0;
			};
		};
		C59BECD22A7D00BF00B3A554 /* XCRemoteSwiftPackageReference "SnapKit" */ = {
			isa = XCRemoteSwiftPackageReference;
			repositoryURL = "https://github.com/SnapKit/SnapKit.git";
			requirement = {
				kind = upToNextMajorVersion;
				minimumVersion = 5.0.0;
			};
		};
/* End XCRemoteSwiftPackageReference section */

/* Begin XCSwiftPackageProductDependency section */
		61C7E9EB2F143149004AB492 /* SnapshotTesting */ = {
			isa = XCSwiftPackageProductDependency;
			package = 61C7E9EA2F143149004AB492 /* XCRemoteSwiftPackageReference "swift-snapshot-testing" */;
			productName = SnapshotTesting;
		};
		C59BECCB2A7D009B00B3A554 /* RxCocoa */ = {
			isa = XCSwiftPackageProductDependency;
			package = C59BECCA2A7D009B00B3A554 /* XCRemoteSwiftPackageReference "RxSwift" */;
			productName = RxCocoa;
		};
		C59BECCD2A7D009B00B3A554 /* RxSwift */ = {
			isa = XCSwiftPackageProductDependency;
			package = C59BECCA2A7D009B00B3A554 /* XCRemoteSwiftPackageReference "RxSwift" */;
			productName = RxSwift;
		};
		C59BECD32A7D00BF00B3A554 /* SnapKit */ = {
			isa = XCSwiftPackageProductDependency;
			package = C59BECD22A7D00BF00B3A554 /* XCRemoteSwiftPackageReference "SnapKit" */;
			productName = SnapKit;
		};
/* End XCSwiftPackageProductDependency section */
	};
	rootObject = C572EF2E26344EFF00CB6086 /* Project object */;
}
