// !$*UTF8*$!
{
	archiveVersion = 1;
	classes = {
	};
	objectVersion = 53;
	objects = {

/* Begin PBXBuildFile section */
		3E125E992697DA1C00E9A8D1 /* ListView.swift in Sources */ = {isa = PBXBuildFile; fileRef = 3E125E982697DA1C00E9A8D1 /* ListView.swift */; };
		3E125E9B2697E0CA00E9A8D1 /* ListViewController.swift in Sources */ = {isa = PBXBuildFile; fileRef = 3E125E9A2697E0CA00E9A8D1 /* ListViewController.swift */; };
		3E125E9F269883C300E9A8D1 /* Model.swift in Sources */ = {isa = PBXBuildFile; fileRef = 3E125E9E269883C300E9A8D1 /* Model.swift */; };
		3E125EA126988AFB00E9A8D1 /* ListViewModel.swift in Sources */ = {isa = PBXBuildFile; fileRef = 3E125EA026988AFB00E9A8D1 /* ListViewModel.swift */; };
		3E125EA32698D17700E9A8D1 /* FilmViewModel.swift in Sources */ = {isa = PBXBuildFile; fileRef = 3E125EA22698D17700E9A8D1 /* FilmViewModel.swift */; };
		3E125EA6269B915D00E9A8D1 /* OpeningCrawlingView.swift in Sources */ = {isa = PBXBuildFile; fileRef = 3E125EA5269B915D00E9A8D1 /* OpeningCrawlingView.swift */; };
		3E125EA9269B974000E9A8D1 /* OpeningCrawlingViewModel.swift in Sources */ = {isa = PBXBuildFile; fileRef = 3E125EA8269B974000E9A8D1 /* OpeningCrawlingViewModel.swift */; };
		3E125EAB269BC3D300E9A8D1 /* FilmView.swift in Sources */ = {isa = PBXBuildFile; fileRef = 3E125EAA269BC3D300E9A8D1 /* FilmView.swift */; };
		3E125EAE269C77E700E9A8D1 /* UIView+ViewBuilders.swift in Sources */ = {isa = PBXBuildFile; fileRef = 3E125EAD269C77E700E9A8D1 /* UIView+ViewBuilders.swift */; };
		3EAA1223270157B300582317 /* ViewCode.swift in Sources */ = {isa = PBXBuildFile; fileRef = 3EAA1222270157B300582317 /* ViewCode.swift */; };
		C54FF60A263452D800C79A94 /* People.swift in Sources */ = {isa = PBXBuildFile; fileRef = C54FF609263452D800C79A94 /* People.swift */; };
		C54FF612263452E900C79A94 /* Vehicle.swift in Sources */ = {isa = PBXBuildFile; fileRef = C54FF611263452E900C79A94 /* Vehicle.swift */; };
		C54FF6172634530000C79A94 /* Film.swift in Sources */ = {isa = PBXBuildFile; fileRef = C54FF6162634530000C79A94 /* Film.swift */; };
		C54FF61C2634531600C79A94 /* Starship.swift in Sources */ = {isa = PBXBuildFile; fileRef = C54FF61B2634531600C79A94 /* Starship.swift */; };
		C54FF624263453A000C79A94 /* Planet.swift in Sources */ = {isa = PBXBuildFile; fileRef = C54FF623263453A000C79A94 /* Planet.swift */; };
		C54FF629263453BC00C79A94 /* Specie.swift in Sources */ = {isa = PBXBuildFile; fileRef = C54FF628263453BC00C79A94 /* Specie.swift */; };
		C54FF6372634561400C79A94 /* StarWarsService.swift in Sources */ = {isa = PBXBuildFile; fileRef = C54FF6362634561400C79A94 /* StarWarsService.swift */; };
		C54FF63D263456E300C79A94 /* FilmViewController.swift in Sources */ = {isa = PBXBuildFile; fileRef = C54FF63B263456E300C79A94 /* FilmViewController.swift */; };
		C54FF644263457F700C79A94 /* PeopleViewController.swift in Sources */ = {isa = PBXBuildFile; fileRef = C54FF642263457F700C79A94 /* PeopleViewController.swift */; };
		C54FF64C26345ED200C79A94 /* PlanetViewController.swift in Sources */ = {isa = PBXBuildFile; fileRef = C54FF64A26345ED200C79A94 /* PlanetViewController.swift */; };
		C54FF65326345EEF00C79A94 /* VehicleViewController.swift in Sources */ = {isa = PBXBuildFile; fileRef = C54FF65126345EEF00C79A94 /* VehicleViewController.swift */; };
		C54FF65A26345F0300C79A94 /* StarshipViewController.swift in Sources */ = {isa = PBXBuildFile; fileRef = C54FF65826345F0300C79A94 /* StarshipViewController.swift */; };
		C54FF6642634D7BF00C79A94 /* SpecieViewController.swift in Sources */ = {isa = PBXBuildFile; fileRef = C54FF6622634D7BF00C79A94 /* SpecieViewController.swift */; };
		C54FF6C82635EFF700C79A94 /* HomeViewController.swift in Sources */ = {isa = PBXBuildFile; fileRef = C54FF6C72635EFF700C79A94 /* HomeViewController.swift */; };
		C54FF6D7263626BA00C79A94 /* OpeningCrawlingViewController.swift in Sources */ = {isa = PBXBuildFile; fileRef = C54FF6D6263626BA00C79A94 /* OpeningCrawlingViewController.swift */; };
		C572EF3A26344EFF00CB6086 /* AppDelegate.swift in Sources */ = {isa = PBXBuildFile; fileRef = C572EF3926344EFF00CB6086 /* AppDelegate.swift */; };
		C572EF3C26344EFF00CB6086 /* SceneDelegate.swift in Sources */ = {isa = PBXBuildFile; fileRef = C572EF3B26344EFF00CB6086 /* SceneDelegate.swift */; };
		C572EF4326344F0100CB6086 /* Assets.xcassets in Resources */ = {isa = PBXBuildFile; fileRef = C572EF4226344F0100CB6086 /* Assets.xcassets */; };
		C572EF4626344F0100CB6086 /* LaunchScreen.storyboard in Resources */ = {isa = PBXBuildFile; fileRef = C572EF4426344F0100CB6086 /* LaunchScreen.storyboard */; };
		C572EF5126344F0200CB6086 /* StarWarsTests.swift in Sources */ = {isa = PBXBuildFile; fileRef = C572EF5026344F0200CB6086 /* StarWarsTests.swift */; };
		C572EF5C26344F0200CB6086 /* StarWarsUITests.swift in Sources */ = {isa = PBXBuildFile; fileRef = C572EF5B26344F0200CB6086 /* StarWarsUITests.swift */; };
		C59BECCC2A7D009B00B3A554 /* RxCocoa in Frameworks */ = {isa = PBXBuildFile; productRef = C59BECCB2A7D009B00B3A554 /* RxCocoa */; };
		C59BECCE2A7D009B00B3A554 /* RxSwift in Frameworks */ = {isa = PBXBuildFile; productRef = C59BECCD2A7D009B00B3A554 /* RxSwift */; };
		C59BECD42A7D00BF00B3A554 /* SnapKit in Frameworks */ = {isa = PBXBuildFile; productRef = C59BECD32A7D00BF00B3A554 /* SnapKit */; };
		C5D6BE712A7335D7003BDF1E /* ViewControllerFactory.swift in Sources */ = {isa = PBXBuildFile; fileRef = C5D6BE702A7335D7003BDF1E /* ViewControllerFactory.swift */; };
		C5D6BE732A733AB3003BDF1E /* UICollectionView.swift in Sources */ = {isa = PBXBuildFile; fileRef = C5D6BE722A733AB3003BDF1E /* UICollectionView.swift */; };
		C5D6BE762A734577003BDF1E /* FilmViewProps.swift in Sources */ = {isa = PBXBuildFile; fileRef = C5D6BE752A734577003BDF1E /* FilmViewProps.swift */; };
		C5D6BE792A7C672D003BDF1E /* home_shortcuts.json in Resources */ = {isa = PBXBuildFile; fileRef = C5D6BE782A7C672D003BDF1E /* home_shortcuts.json */; };
		C5D6BE7B2A7C6B2B003BDF1E /* ShortcutService.swift in Sources */ = {isa = PBXBuildFile; fileRef = C5D6BE7A2A7C6B2B003BDF1E /* ShortcutService.swift */; };
		C5D6BE7E2A7C711B003BDF1E /* HomeShortcutResponse.swift in Sources */ = {isa = PBXBuildFile; fileRef = C5D6BE7D2A7C711B003BDF1E /* HomeShortcutResponse.swift */; };
		C5D6BE8A2A7C7AEA003BDF1E /* Button.swift in Sources */ = {isa = PBXBuildFile; fileRef = C5D6BE892A7C7AEA003BDF1E /* Button.swift */; };
		C5D6BE8C2A7C8102003BDF1E /* UIImage.swift in Sources */ = {isa = PBXBuildFile; fileRef = C5D6BE8B2A7C8102003BDF1E /* UIImage.swift */; };
		C5D6BE8F2A7C8AF1003BDF1E /* ButtonProps.swift in Sources */ = {isa = PBXBuildFile; fileRef = C5D6BE8E2A7C8AF1003BDF1E /* ButtonProps.swift */; };
		C5E5DC842A85A1BA0008D461 /* StarWarsRequest.swift in Sources */ = {isa = PBXBuildFile; fileRef = C5E5DC832A85A1BA0008D461 /* StarWarsRequest.swift */; };
		C5E5DC862A85AA300008D461 /* RequestError.swift in Sources */ = {isa = PBXBuildFile; fileRef = C5E5DC852A85AA300008D461 /* RequestError.swift */; };
		C5E5DC882A85B0A30008D461 /* URLExtension.swift in Sources */ = {isa = PBXBuildFile; fileRef = C5E5DC872A85B0A30008D461 /* URLExtension.swift */; };
		C5E5DC8A2A85B24D0008D461 /* StarWarsServiceTests.swift in Sources */ = {isa = PBXBuildFile; fileRef = C5E5DC892A85B24D0008D461 /* StarWarsServiceTests.swift */; };
		CE46A1B727C7BD5A001FB7B5 /* UINavigationBar.swift in Sources */ = {isa = PBXBuildFile; fileRef = CE46A1B627C7BD5A001FB7B5 /* UINavigationBar.swift */; };
		CED7797427760E1E003002BF /* HomeView.swift in Sources */ = {isa = PBXBuildFile; fileRef = CED7797327760E1E003002BF /* HomeView.swift */; };
		CED7797927761D8B003002BF /* HomeViewModel.swift in Sources */ = {isa = PBXBuildFile; fileRef = CED7797827761D8B003002BF /* HomeViewModel.swift */; };
		CED7797E277641A6003002BF /* HomeShortcutViewCell.swift in Sources */ = {isa = PBXBuildFile; fileRef = CED7797D277641A6003002BF /* HomeShortcutViewCell.swift */; };
		CED779832776623A003002BF /* Response.swift in Sources */ = {isa = PBXBuildFile; fileRef = CED779822776623A003002BF /* Response.swift */; };
		CEDED6B127A8B0400056497D /* ListViewCell.swift in Sources */ = {isa = PBXBuildFile; fileRef = CEDED6B027A8B0400056497D /* ListViewCell.swift */; };
		CEDED6B927A8B44C0056497D /* Result.swift in Sources */ = {isa = PBXBuildFile; fileRef = CEDED6B827A8B44C0056497D /* Result.swift */; };
/* End PBXBuildFile section */

/* Begin PBXContainerItemProxy section */
		C572EF4D26344F0200CB6086 /* PBXContainerItemProxy */ = {
			isa = PBXContainerItemProxy;
			containerPortal = C572EF2E26344EFF00CB6086 /* Project object */;
			proxyType = 1;
			remoteGlobalIDString = C572EF3526344EFF00CB6086;
			remoteInfo = StarWarsDeck;
		};
		C572EF5826344F0200CB6086 /* PBXContainerItemProxy */ = {
			isa = PBXContainerItemProxy;
			containerPortal = C572EF2E26344EFF00CB6086 /* Project object */;
			proxyType = 1;
			remoteGlobalIDString = C572EF3526344EFF00CB6086;
			remoteInfo = StarWarsDeck;
		};
/* End PBXContainerItemProxy section */

/* Begin PBXFileReference section */
		3E125E982697DA1C00E9A8D1 /* ListView.swift */ = {isa = PBXFileReference; lastKnownFileType = sourcecode.swift; path = ListView.swift; sourceTree = "<group>"; };
		3E125E9A2697E0CA00E9A8D1 /* ListViewController.swift */ = {isa = PBXFileReference; lastKnownFileType = sourcecode.swift; path = ListViewController.swift; sourceTree = "<group>"; };
		3E125E9E269883C300E9A8D1 /* Model.swift */ = {isa = PBXFileReference; lastKnownFileType = sourcecode.swift; path = Model.swift; sourceTree = "<group>"; };
		3E125EA026988AFB00E9A8D1 /* ListViewModel.swift */ = {isa = PBXFileReference; lastKnownFileType = sourcecode.swift; path = ListViewModel.swift; sourceTree = "<group>"; };
		3E125EA22698D17700E9A8D1 /* FilmViewModel.swift */ = {isa = PBXFileReference; lastKnownFileType = sourcecode.swift; path = FilmViewModel.swift; sourceTree = "<group>"; };
		3E125EA5269B915D00E9A8D1 /* OpeningCrawlingView.swift */ = {isa = PBXFileReference; lastKnownFileType = sourcecode.swift; path = OpeningCrawlingView.swift; sourceTree = "<group>"; };
		3E125EA8269B974000E9A8D1 /* OpeningCrawlingViewModel.swift */ = {isa = PBXFileReference; lastKnownFileType = sourcecode.swift; path = OpeningCrawlingViewModel.swift; sourceTree = "<group>"; };
		3E125EAA269BC3D300E9A8D1 /* FilmView.swift */ = {isa = PBXFileReference; lastKnownFileType = sourcecode.swift; path = FilmView.swift; sourceTree = "<group>"; };
		3E125EAD269C77E700E9A8D1 /* UIView+ViewBuilders.swift */ = {isa = PBXFileReference; lastKnownFileType = sourcecode.swift; path = "UIView+ViewBuilders.swift"; sourceTree = "<group>"; };
		3EAA1222270157B300582317 /* ViewCode.swift */ = {isa = PBXFileReference; lastKnownFileType = sourcecode.swift; path = ViewCode.swift; sourceTree = "<group>"; };
		C54FF609263452D800C79A94 /* People.swift */ = {isa = PBXFileReference; lastKnownFileType = sourcecode.swift; path = People.swift; sourceTree = "<group>"; };
		C54FF611263452E900C79A94 /* Vehicle.swift */ = {isa = PBXFileReference; lastKnownFileType = sourcecode.swift; path = Vehicle.swift; sourceTree = "<group>"; };
		C54FF6162634530000C79A94 /* Film.swift */ = {isa = PBXFileReference; lastKnownFileType = sourcecode.swift; path = Film.swift; sourceTree = "<group>"; };
		C54FF61B2634531600C79A94 /* Starship.swift */ = {isa = PBXFileReference; lastKnownFileType = sourcecode.swift; path = Starship.swift; sourceTree = "<group>"; };
		C54FF623263453A000C79A94 /* Planet.swift */ = {isa = PBXFileReference; lastKnownFileType = sourcecode.swift; path = Planet.swift; sourceTree = "<group>"; };
		C54FF628263453BC00C79A94 /* Specie.swift */ = {isa = PBXFileReference; lastKnownFileType = sourcecode.swift; path = Specie.swift; sourceTree = "<group>"; };
		C54FF6362634561400C79A94 /* StarWarsService.swift */ = {isa = PBXFileReference; lastKnownFileType = sourcecode.swift; path = StarWarsService.swift; sourceTree = "<group>"; };
		C54FF63B263456E300C79A94 /* FilmViewController.swift */ = {isa = PBXFileReference; lastKnownFileType = sourcecode.swift; path = FilmViewController.swift; sourceTree = "<group>"; };
		C54FF642263457F700C79A94 /* PeopleViewController.swift */ = {isa = PBXFileReference; lastKnownFileType = sourcecode.swift; path = PeopleViewController.swift; sourceTree = "<group>"; };
		C54FF64A26345ED200C79A94 /* PlanetViewController.swift */ = {isa = PBXFileReference; lastKnownFileType = sourcecode.swift; path = PlanetViewController.swift; sourceTree = "<group>"; };
		C54FF65126345EEF00C79A94 /* VehicleViewController.swift */ = {isa = PBXFileReference; lastKnownFileType = sourcecode.swift; path = VehicleViewController.swift; sourceTree = "<group>"; };
		C54FF65826345F0300C79A94 /* StarshipViewController.swift */ = {isa = PBXFileReference; lastKnownFileType = sourcecode.swift; path = StarshipViewController.swift; sourceTree = "<group>"; };
		C54FF6622634D7BF00C79A94 /* SpecieViewController.swift */ = {isa = PBXFileReference; lastKnownFileType = sourcecode.swift; path = SpecieViewController.swift; sourceTree = "<group>"; };
		C54FF6C72635EFF700C79A94 /* HomeViewController.swift */ = {isa = PBXFileReference; lastKnownFileType = sourcecode.swift; path = HomeViewController.swift; sourceTree = "<group>"; };
		C54FF6D6263626BA00C79A94 /* OpeningCrawlingViewController.swift */ = {isa = PBXFileReference; lastKnownFileType = sourcecode.swift; path = OpeningCrawlingViewController.swift; sourceTree = "<group>"; };
		C572EF3626344EFF00CB6086 /* StarWars.app */ = {isa = PBXFileReference; explicitFileType = wrapper.application; includeInIndex = 0; path = StarWars.app; sourceTree = BUILT_PRODUCTS_DIR; };
		C572EF3926344EFF00CB6086 /* AppDelegate.swift */ = {isa = PBXFileReference; lastKnownFileType = sourcecode.swift; path = AppDelegate.swift; sourceTree = "<group>"; };
		C572EF3B26344EFF00CB6086 /* SceneDelegate.swift */ = {isa = PBXFileReference; lastKnownFileType = sourcecode.swift; path = SceneDelegate.swift; sourceTree = "<group>"; };
		C572EF4226344F0100CB6086 /* Assets.xcassets */ = {isa = PBXFileReference; lastKnownFileType = folder.assetcatalog; path = Assets.xcassets; sourceTree = "<group>"; };
		C572EF4526344F0100CB6086 /* Base */ = {isa = PBXFileReference; lastKnownFileType = file.storyboard; name = Base; path = Base.lproj/LaunchScreen.storyboard; sourceTree = "<group>"; };
		C572EF4726344F0100CB6086 /* Info.plist */ = {isa = PBXFileReference; lastKnownFileType = text.plist.xml; path = Info.plist; sourceTree = "<group>"; };
		C572EF4C26344F0200CB6086 /* StarWarsTests.xctest */ = {isa = PBXFileReference; explicitFileType = wrapper.cfbundle; includeInIndex = 0; path = StarWarsTests.xctest; sourceTree = BUILT_PRODUCTS_DIR; };
		C572EF5026344F0200CB6086 /* StarWarsTests.swift */ = {isa = PBXFileReference; lastKnownFileType = sourcecode.swift; path = StarWarsTests.swift; sourceTree = "<group>"; };
		C572EF5226344F0200CB6086 /* Info.plist */ = {isa = PBXFileReference; lastKnownFileType = text.plist.xml; path = Info.plist; sourceTree = "<group>"; };
		C572EF5726344F0200CB6086 /* StarWarsUITests.xctest */ = {isa = PBXFileReference; explicitFileType = wrapper.cfbundle; includeInIndex = 0; path = StarWarsUITests.xctest; sourceTree = BUILT_PRODUCTS_DIR; };
		C572EF5B26344F0200CB6086 /* StarWarsUITests.swift */ = {isa = PBXFileReference; lastKnownFileType = sourcecode.swift; path = StarWarsUITests.swift; sourceTree = "<group>"; };
		C572EF5D26344F0200CB6086 /* Info.plist */ = {isa = PBXFileReference; lastKnownFileType = text.plist.xml; path = Info.plist; sourceTree = "<group>"; };
		C5D6BE702A7335D7003BDF1E /* ViewControllerFactory.swift */ = {isa = PBXFileReference; lastKnownFileType = sourcecode.swift; path = ViewControllerFactory.swift; sourceTree = "<group>"; };
		C5D6BE722A733AB3003BDF1E /* UICollectionView.swift */ = {isa = PBXFileReference; lastKnownFileType = sourcecode.swift; path = UICollectionView.swift; sourceTree = "<group>"; };
		C5D6BE752A734577003BDF1E /* FilmViewProps.swift */ = {isa = PBXFileReference; lastKnownFileType = sourcecode.swift; path = FilmViewProps.swift; sourceTree = "<group>"; };
		C5D6BE782A7C672D003BDF1E /* home_shortcuts.json */ = {isa = PBXFileReference; lastKnownFileType = text.json; path = home_shortcuts.json; sourceTree = "<group>"; };
		C5D6BE7A2A7C6B2B003BDF1E /* ShortcutService.swift */ = {isa = PBXFileReference; lastKnownFileType = sourcecode.swift; path = ShortcutService.swift; sourceTree = "<group>"; };
		C5D6BE7D2A7C711B003BDF1E /* HomeShortcutResponse.swift */ = {isa = PBXFileReference; lastKnownFileType = sourcecode.swift; path = HomeShortcutResponse.swift; sourceTree = "<group>"; };
		C5D6BE892A7C7AEA003BDF1E /* Button.swift */ = {isa = PBXFileReference; lastKnownFileType = sourcecode.swift; path = Button.swift; sourceTree = "<group>"; };
		C5D6BE8B2A7C8102003BDF1E /* UIImage.swift */ = {isa = PBXFileReference; lastKnownFileType = sourcecode.swift; path = UIImage.swift; sourceTree = "<group>"; };
		C5D6BE8E2A7C8AF1003BDF1E /* ButtonProps.swift */ = {isa = PBXFileReference; lastKnownFileType = sourcecode.swift; path = ButtonProps.swift; sourceTree = "<group>"; };
		C5E5DC832A85A1BA0008D461 /* StarWarsRequest.swift */ = {isa = PBXFileReference; lastKnownFileType = sourcecode.swift; path = StarWarsRequest.swift; sourceTree = "<group>"; };
		C5E5DC852A85AA300008D461 /* RequestError.swift */ = {isa = PBXFileReference; lastKnownFileType = sourcecode.swift; path = RequestError.swift; sourceTree = "<group>"; };
		C5E5DC872A85B0A30008D461 /* URLExtension.swift */ = {isa = PBXFileReference; lastKnownFileType = sourcecode.swift; path = URLExtension.swift; sourceTree = "<group>"; };
		C5E5DC892A85B24D0008D461 /* StarWarsServiceTests.swift */ = {isa = PBXFileReference; lastKnownFileType = sourcecode.swift; path = StarWarsServiceTests.swift; sourceTree = "<group>"; };
		CE46A1B627C7BD5A001FB7B5 /* UINavigationBar.swift */ = {isa = PBXFileReference; lastKnownFileType = sourcecode.swift; path = UINavigationBar.swift; sourceTree = "<group>"; };
		CED7797327760E1E003002BF /* HomeView.swift */ = {isa = PBXFileReference; lastKnownFileType = sourcecode.swift; path = HomeView.swift; sourceTree = "<group>"; };
		CED7797827761D8B003002BF /* HomeViewModel.swift */ = {isa = PBXFileReference; lastKnownFileType = sourcecode.swift; path = HomeViewModel.swift; sourceTree = "<group>"; };
		CED7797D277641A6003002BF /* HomeShortcutViewCell.swift */ = {isa = PBXFileReference; lastKnownFileType = sourcecode.swift; path = HomeShortcutViewCell.swift; sourceTree = "<group>"; };
		CED779822776623A003002BF /* Response.swift */ = {isa = PBXFileReference; lastKnownFileType = sourcecode.swift; path = Response.swift; sourceTree = "<group>"; };
		CEDED6B027A8B0400056497D /* ListViewCell.swift */ = {isa = PBXFileReference; lastKnownFileType = sourcecode.swift; path = ListViewCell.swift; sourceTree = "<group>"; };
		CEDED6B827A8B44C0056497D /* Result.swift */ = {isa = PBXFileReference; lastKnownFileType = sourcecode.swift; path = Result.swift; sourceTree = "<group>"; };
/* End PBXFileReference section */

/* Begin PBXFrameworksBuildPhase section */
		C572EF3326344EFF00CB6086 /* Frameworks */ = {
			isa = PBXFrameworksBuildPhase;
			buildActionMask = 2147483647;
			files = (
				C59BECD42A7D00BF00B3A554 /* SnapKit in Frameworks */,
				C59BECCE2A7D009B00B3A554 /* RxSwift in Frameworks */,
				C59BECCC2A7D009B00B3A554 /* RxCocoa in Frameworks */,
			);
			runOnlyForDeploymentPostprocessing = 0;
		};
		C572EF4926344F0200CB6086 /* Frameworks */ = {
			isa = PBXFrameworksBuildPhase;
			buildActionMask = 2147483647;
			files = (
			);
			runOnlyForDeploymentPostprocessing = 0;
		};
		C572EF5426344F0200CB6086 /* Frameworks */ = {
			isa = PBXFrameworksBuildPhase;
			buildActionMask = 2147483647;
			files = (
			);
			runOnlyForDeploymentPostprocessing = 0;
		};
/* End PBXFrameworksBuildPhase section */

/* Begin PBXGroup section */
		3E125E9D2697E0E300E9A8D1 /* List */ = {
			isa = PBXGroup;
			children = (
				3E125E9A2697E0CA00E9A8D1 /* ListViewController.swift */,
				3E125EA026988AFB00E9A8D1 /* ListViewModel.swift */,
				CEDED6B027A8B0400056497D /* ListViewCell.swift */,
				3E125E982697DA1C00E9A8D1 /* ListView.swift */,
			);
			path = List;
			sourceTree = "<group>";
		};
		3E125EA42698D18100E9A8D1 /* Film */ = {
			isa = PBXGroup;
			children = (
				C5D6BE742A734564003BDF1E /* Models */,
				C54FF63B263456E300C79A94 /* FilmViewController.swift */,
				3E125EA22698D17700E9A8D1 /* FilmViewModel.swift */,
				3E125EAA269BC3D300E9A8D1 /* FilmView.swift */,
			);
			path = Film;
			sourceTree = "<group>";
		};
		3E125EA7269B916A00E9A8D1 /* OpeningCrawling */ = {
			isa = PBXGroup;
			children = (
				C54FF6D6263626BA00C79A94 /* OpeningCrawlingViewController.swift */,
				3E125EA8269B974000E9A8D1 /* OpeningCrawlingViewModel.swift */,
				3E125EA5269B915D00E9A8D1 /* OpeningCrawlingView.swift */,
			);
			path = OpeningCrawling;
			sourceTree = "<group>";
		};
		3EAA12212701570100582317 /* Extensions */ = {
			isa = PBXGroup;
			children = (
				3E125EAD269C77E700E9A8D1 /* UIView+ViewBuilders.swift */,
				CE46A1B627C7BD5A001FB7B5 /* UINavigationBar.swift */,
				C5D6BE722A733AB3003BDF1E /* UICollectionView.swift */,
				C5D6BE8B2A7C8102003BDF1E /* UIImage.swift */,
				C5E5DC872A85B0A30008D461 /* URLExtension.swift */,
			);
			path = Extensions;
			sourceTree = "<group>";
		};
		C54FF608263450F700C79A94 /* Core */ = {
			isa = PBXGroup;
			children = (
				C5D6BE6F2A7335A4003BDF1E /* Factory */,
				C572EF3926344EFF00CB6086 /* AppDelegate.swift */,
				C572EF3B26344EFF00CB6086 /* SceneDelegate.swift */,
			);
			path = Core;
			sourceTree = "<group>";
		};
		C54FF62D263453C200C79A94 /* Models */ = {
			isa = PBXGroup;
			children = (
				C54FF6162634530000C79A94 /* Film.swift */,
				C54FF609263452D800C79A94 /* People.swift */,
				C54FF623263453A000C79A94 /* Planet.swift */,
				C54FF628263453BC00C79A94 /* Specie.swift */,
				C54FF61B2634531600C79A94 /* Starship.swift */,
				C54FF611263452E900C79A94 /* Vehicle.swift */,
				3E125E9E269883C300E9A8D1 /* Model.swift */,
				CEDED6B827A8B44C0056497D /* Result.swift */,
				C5E5DC852A85AA300008D461 /* RequestError.swift */,
			);
			path = Models;
			sourceTree = "<group>";
		};
		C572EF2D26344EFF00CB6086 = {
			isa = PBXGroup;
			children = (
				C572EF3826344EFF00CB6086 /* StarWars */,
				C572EF4F26344F0200CB6086 /* StarWarsTests */,
				C572EF5A26344F0200CB6086 /* StarWarsUITests */,
				C572EF3726344EFF00CB6086 /* Products */,
			);
			sourceTree = "<group>";
		};
		C572EF3726344EFF00CB6086 /* Products */ = {
			isa = PBXGroup;
			children = (
				C572EF3626344EFF00CB6086 /* StarWars.app */,
				C572EF4C26344F0200CB6086 /* StarWarsTests.xctest */,
				C572EF5726344F0200CB6086 /* StarWarsUITests.xctest */,
			);
			name = Products;
			sourceTree = "<group>";
		};
		C572EF3826344EFF00CB6086 /* StarWars */ = {
			isa = PBXGroup;
			children = (
				C54FF608263450F700C79A94 /* Core */,
				CED7796F27760A48003002BF /* Domain */,
				CED7797027760A53003002BF /* Services */,
				3EAA12212701570100582317 /* Extensions */,
				C5D6BE772A7C6684003BDF1E /* Resources */,
				CED7797127760B5F003002BF /* UI */,
			);
			path = StarWars;
			sourceTree = "<group>";
		};
		C572EF4F26344F0200CB6086 /* StarWarsTests */ = {
			isa = PBXGroup;
			children = (
				C572EF5226344F0200CB6086 /* Info.plist */,
				C572EF5026344F0200CB6086 /* StarWarsTests.swift */,
				C5E5DC892A85B24D0008D461 /* StarWarsServiceTests.swift */,
			);
			path = StarWarsTests;
			sourceTree = "<group>";
		};
		C572EF5A26344F0200CB6086 /* StarWarsUITests */ = {
			isa = PBXGroup;
			children = (
				C572EF5D26344F0200CB6086 /* Info.plist */,
				C572EF5B26344F0200CB6086 /* StarWarsUITests.swift */,
			);
			path = StarWarsUITests;
			sourceTree = "<group>";
		};
		C5D6BE6F2A7335A4003BDF1E /* Factory */ = {
			isa = PBXGroup;
			children = (
				C5D6BE702A7335D7003BDF1E /* ViewControllerFactory.swift */,
			);
			path = Factory;
			sourceTree = "<group>";
		};
		C5D6BE742A734564003BDF1E /* Models */ = {
			isa = PBXGroup;
			children = (
				C5D6BE752A734577003BDF1E /* FilmViewProps.swift */,
			);
			path = Models;
			sourceTree = "<group>";
		};
		C5D6BE772A7C6684003BDF1E /* Resources */ = {
			isa = PBXGroup;
			children = (
				C572EF4426344F0100CB6086 /* LaunchScreen.storyboard */,
				C572EF4726344F0100CB6086 /* Info.plist */,
				C572EF4226344F0100CB6086 /* Assets.xcassets */,
				C5D6BE782A7C672D003BDF1E /* home_shortcuts.json */,
			);
			path = Resources;
			sourceTree = "<group>";
		};
		C5D6BE7C2A7C7104003BDF1E /* Responses */ = {
			isa = PBXGroup;
			children = (
				CED779822776623A003002BF /* Response.swift */,
				C5D6BE7D2A7C711B003BDF1E /* HomeShortcutResponse.swift */,
			);
			path = Responses;
			sourceTree = "<group>";
		};
		C5D6BE882A7C7AD0003BDF1E /* Components */ = {
			isa = PBXGroup;
			children = (
				C5D6BE8D2A7C8AE4003BDF1E /* Button */,
			);
			path = Components;
			sourceTree = "<group>";
		};
		C5D6BE8D2A7C8AE4003BDF1E /* Button */ = {
			isa = PBXGroup;
			children = (
				C5D6BE8E2A7C8AF1003BDF1E /* ButtonProps.swift */,
				C5D6BE892A7C7AEA003BDF1E /* Button.swift */,
			);
			path = Button;
			sourceTree = "<group>";
		};
		C5E5DC822A85A11C0008D461 /* Requests */ = {
			isa = PBXGroup;
			children = (
				C5E5DC832A85A1BA0008D461 /* StarWarsRequest.swift */,
			);
			path = Requests;
			sourceTree = "<group>";
		};
		CED7796F27760A48003002BF /* Domain */ = {
			isa = PBXGroup;
			children = (
				C5E5DC822A85A11C0008D461 /* Requests */,
				C5D6BE7C2A7C7104003BDF1E /* Responses */,
				C54FF62D263453C200C79A94 /* Models */,
			);
			path = Domain;
			sourceTree = "<group>";
		};
		CED7797027760A53003002BF /* Services */ = {
			isa = PBXGroup;
			children = (
				C54FF6362634561400C79A94 /* StarWarsService.swift */,
				C5D6BE7A2A7C6B2B003BDF1E /* ShortcutService.swift */,
			);
			path = Services;
			sourceTree = "<group>";
		};
		CED7797127760B5F003002BF /* UI */ = {
			isa = PBXGroup;
			children = (
				C5D6BE882A7C7AD0003BDF1E /* Components */,
				CED7797227760E0C003002BF /* Home */,
				3E125EA42698D18100E9A8D1 /* Film */,
				3E125E9D2697E0E300E9A8D1 /* List */,
				3E125EA7269B916A00E9A8D1 /* OpeningCrawling */,
				C54FF642263457F700C79A94 /* PeopleViewController.swift */,
				C54FF64A26345ED200C79A94 /* PlanetViewController.swift */,
				C54FF6622634D7BF00C79A94 /* SpecieViewController.swift */,
				C54FF65826345F0300C79A94 /* StarshipViewController.swift */,
				C54FF65126345EEF00C79A94 /* VehicleViewController.swift */,
				3EAA1222270157B300582317 /* ViewCode.swift */,
			);
			path = UI;
			sourceTree = "<group>";
		};
		CED7797227760E0C003002BF /* Home */ = {
			isa = PBXGroup;
			children = (
				C54FF6C72635EFF700C79A94 /* HomeViewController.swift */,
				CED7797327760E1E003002BF /* HomeView.swift */,
				CED7797827761D8B003002BF /* HomeViewModel.swift */,
				CED7797D277641A6003002BF /* HomeShortcutViewCell.swift */,
			);
			path = Home;
			sourceTree = "<group>";
		};
/* End PBXGroup section */

/* Begin PBXNativeTarget section */
		C572EF3526344EFF00CB6086 /* StarWars */ = {
			isa = PBXNativeTarget;
			buildConfigurationList = C572EF6026344F0200CB6086 /* Build configuration list for PBXNativeTarget "StarWars" */;
			buildPhases = (
				C572EF3226344EFF00CB6086 /* Sources */,
				C572EF3326344EFF00CB6086 /* Frameworks */,
				C572EF3426344EFF00CB6086 /* Resources */,
			);
			buildRules = (
			);
			dependencies = (
			);
			name = StarWars;
			packageProductDependencies = (
				C59BECCB2A7D009B00B3A554 /* RxCocoa */,
				C59BECCD2A7D009B00B3A554 /* RxSwift */,
				C59BECD32A7D00BF00B3A554 /* SnapKit */,
			);
			productName = StarWarsDeck;
			productReference = C572EF3626344EFF00CB6086 /* StarWars.app */;
			productType = "com.apple.product-type.application";
		};
		C572EF4B26344F0200CB6086 /* StarWarsTests */ = {
			isa = PBXNativeTarget;
			buildConfigurationList = C572EF6326344F0200CB6086 /* Build configuration list for PBXNativeTarget "StarWarsTests" */;
			buildPhases = (
				C572EF4826344F0200CB6086 /* Sources */,
				C572EF4926344F0200CB6086 /* Frameworks */,
				C572EF4A26344F0200CB6086 /* Resources */,
			);
			buildRules = (
			);
			dependencies = (
				C572EF4E26344F0200CB6086 /* PBXTargetDependency */,
			);
			name = StarWarsTests;
			productName = StarWarsDeckTests;
			productReference = C572EF4C26344F0200CB6086 /* StarWarsTests.xctest */;
			productType = "com.apple.product-type.bundle.unit-test";
		};
		C572EF5626344F0200CB6086 /* StarWarsUITests */ = {
			isa = PBXNativeTarget;
			buildConfigurationList = C572EF6626344F0200CB6086 /* Build configuration list for PBXNativeTarget "StarWarsUITests" */;
			buildPhases = (
				C572EF5326344F0200CB6086 /* Sources */,
				C572EF5426344F0200CB6086 /* Frameworks */,
				C572EF5526344F0200CB6086 /* Resources */,
			);
			buildRules = (
			);
			dependencies = (
				C572EF5926344F0200CB6086 /* PBXTargetDependency */,
			);
			name = StarWarsUITests;
			productName = StarWarsDeckUITests;
			productReference = C572EF5726344F0200CB6086 /* StarWarsUITests.xctest */;
			productType = "com.apple.product-type.bundle.ui-testing";
		};
/* End PBXNativeTarget section */

/* Begin PBXProject section */
		C572EF2E26344EFF00CB6086 /* Project object */ = {
			isa = PBXProject;
			attributes = {
				BuildIndependentTargetsInParallel = YES;
				LastSwiftUpdateCheck = 1230;
				LastUpgradeCheck = 1430;
				TargetAttributes = {
					C572EF3526344EFF00CB6086 = {
						CreatedOnToolsVersion = 12.3;
					};
					C572EF4B26344F0200CB6086 = {
						CreatedOnToolsVersion = 12.3;
						TestTargetID = C572EF3526344EFF00CB6086;
					};
					C572EF5626344F0200CB6086 = {
						CreatedOnToolsVersion = 12.3;
						TestTargetID = C572EF3526344EFF00CB6086;
					};
				};
			};
			buildConfigurationList = C572EF3126344EFF00CB6086 /* Build configuration list for PBXProject "StarWars" */;
			compatibilityVersion = "Xcode 9.3";
			developmentRegion = en;
			hasScannedForEncodings = 0;
			knownRegions = (
				en,
				Base,
			);
			mainGroup = C572EF2D26344EFF00CB6086;
			packageReferences = (
				C59BECCA2A7D009B00B3A554 /* XCRemoteSwiftPackageReference "RxSwift" */,
				C59BECD22A7D00BF00B3A554 /* XCRemoteSwiftPackageReference "SnapKit" */,
			);
			productRefGroup = C572EF3726344EFF00CB6086 /* Products */;
			projectDirPath = "";
			projectRoot = "";
			targets = (
				C572EF3526344EFF00CB6086 /* StarWars */,
				C572EF4B26344F0200CB6086 /* StarWarsTests */,
				C572EF5626344F0200CB6086 /* StarWarsUITests */,
			);
		};
/* End PBXProject section */

/* Begin PBXResourcesBuildPhase section */
		C572EF3426344EFF00CB6086 /* Resources */ = {
			isa = PBXResourcesBuildPhase;
			buildActionMask = 2147483647;
			files = (
				C572EF4626344F0100CB6086 /* LaunchScreen.storyboard in Resources */,
				C572EF4326344F0100CB6086 /* Assets.xcassets in Resources */,
				C5D6BE792A7C672D003BDF1E /* home_shortcuts.json in Resources */,
			);
			runOnlyForDeploymentPostprocessing = 0;
		};
		C572EF4A26344F0200CB6086 /* Resources */ = {
			isa = PBXResourcesBuildPhase;
			buildActionMask = 2147483647;
			files = (
			);
			runOnlyForDeploymentPostprocessing = 0;
		};
		C572EF5526344F0200CB6086 /* Resources */ = {
			isa = PBXResourcesBuildPhase;
			buildActionMask = 2147483647;
			files = (
			);
			runOnlyForDeploymentPostprocessing = 0;
		};
/* End PBXResourcesBuildPhase section */

/* Begin PBXSourcesBuildPhase section */
		C572EF3226344EFF00CB6086 /* Sources */ = {
			isa = PBXSourcesBuildPhase;
			buildActionMask = 2147483647;
			files = (
				C5D6BE8A2A7C7AEA003BDF1E /* Button.swift in Sources */,
				3E125E9F269883C300E9A8D1 /* Model.swift in Sources */,
				3E125EA9269B974000E9A8D1 /* OpeningCrawlingViewModel.swift in Sources */,
				3EAA1223270157B300582317 /* ViewCode.swift in Sources */,
				3E125E992697DA1C00E9A8D1 /* ListView.swift in Sources */,
				C54FF65326345EEF00C79A94 /* VehicleViewController.swift in Sources */,
				C54FF63D263456E300C79A94 /* FilmViewController.swift in Sources */,
				C54FF6C82635EFF700C79A94 /* HomeViewController.swift in Sources */,
				C5D6BE7E2A7C711B003BDF1E /* HomeShortcutResponse.swift in Sources */,
				3E125EA6269B915D00E9A8D1 /* OpeningCrawlingView.swift in Sources */,
				C54FF65A26345F0300C79A94 /* StarshipViewController.swift in Sources */,
				C5D6BE732A733AB3003BDF1E /* UICollectionView.swift in Sources */,
				C54FF624263453A000C79A94 /* Planet.swift in Sources */,
				3E125EAB269BC3D300E9A8D1 /* FilmView.swift in Sources */,
				CED7797427760E1E003002BF /* HomeView.swift in Sources */,
				CED7797E277641A6003002BF /* HomeShortcutViewCell.swift in Sources */,
				CEDED6B927A8B44C0056497D /* Result.swift in Sources */,
				CED7797927761D8B003002BF /* HomeViewModel.swift in Sources */,
				C54FF6D7263626BA00C79A94 /* OpeningCrawlingViewController.swift in Sources */,
				C5D6BE762A734577003BDF1E /* FilmViewProps.swift in Sources */,
				C54FF61C2634531600C79A94 /* Starship.swift in Sources */,
				C5E5DC842A85A1BA0008D461 /* StarWarsRequest.swift in Sources */,
				3E125EA32698D17700E9A8D1 /* FilmViewModel.swift in Sources */,
				3E125EA126988AFB00E9A8D1 /* ListViewModel.swift in Sources */,
				C54FF6172634530000C79A94 /* Film.swift in Sources */,
				C5D6BE712A7335D7003BDF1E /* ViewControllerFactory.swift in Sources */,
				C54FF644263457F700C79A94 /* PeopleViewController.swift in Sources */,
				C5D6BE8C2A7C8102003BDF1E /* UIImage.swift in Sources */,
				3E125EAE269C77E700E9A8D1 /* UIView+ViewBuilders.swift in Sources */,
				CEDED6B127A8B0400056497D /* ListViewCell.swift in Sources */,
				C54FF629263453BC00C79A94 /* Specie.swift in Sources */,
				C54FF612263452E900C79A94 /* Vehicle.swift in Sources */,
				C5E5DC882A85B0A30008D461 /* URLExtension.swift in Sources */,
				CED779832776623A003002BF /* Response.swift in Sources */,
				C54FF6372634561400C79A94 /* StarWarsService.swift in Sources */,
				C54FF64C26345ED200C79A94 /* PlanetViewController.swift in Sources */,
				C5D6BE7B2A7C6B2B003BDF1E /* ShortcutService.swift in Sources */,
				C5E5DC862A85AA300008D461 /* RequestError.swift in Sources */,
				C572EF3A26344EFF00CB6086 /* AppDelegate.swift in Sources */,
				CE46A1B727C7BD5A001FB7B5 /* UINavigationBar.swift in Sources */,
				C54FF6642634D7BF00C79A94 /* SpecieViewController.swift in Sources */,
				C54FF60A263452D800C79A94 /* People.swift in Sources */,
				3E125E9B2697E0CA00E9A8D1 /* ListViewController.swift in Sources */,
				C5D6BE8F2A7C8AF1003BDF1E /* ButtonProps.swift in Sources */,
				C572EF3C26344EFF00CB6086 /* SceneDelegate.swift in Sources */,
			);
			runOnlyForDeploymentPostprocessing = 0;
		};
		C572EF4826344F0200CB6086 /* Sources */ = {
			isa = PBXSourcesBuildPhase;
			buildActionMask = 2147483647;
			files = (
				C5E5DC8A2A85B24D0008D461 /* StarWarsServiceTests.swift in Sources */,
				C572EF5126344F0200CB6086 /* StarWarsTests.swift in Sources */,
			);
			runOnlyForDeploymentPostprocessing = 0;
		};
		C572EF5326344F0200CB6086 /* Sources */ = {
			isa = PBXSourcesBuildPhase;
			buildActionMask = 2147483647;
			files = (
				C572EF5C26344F0200CB6086 /* StarWarsUITests.swift in Sources */,
			);
			runOnlyForDeploymentPostprocessing = 0;
		};
/* End PBXSourcesBuildPhase section */

/* Begin PBXTargetDependency section */
		C572EF4E26344F0200CB6086 /* PBXTargetDependency */ = {
			isa = PBXTargetDependency;
			target = C572EF3526344EFF00CB6086 /* StarWars */;
			targetProxy = C572EF4D26344F0200CB6086 /* PBXContainerItemProxy */;
		};
		C572EF5926344F0200CB6086 /* PBXTargetDependency */ = {
			isa = PBXTargetDependency;
			target = C572EF3526344EFF00CB6086 /* StarWars */;
			targetProxy = C572EF5826344F0200CB6086 /* PBXContainerItemProxy */;
		};
/* End PBXTargetDependency section */

/* Begin PBXVariantGroup section */
		C572EF4426344F0100CB6086 /* LaunchScreen.storyboard */ = {
			isa = PBXVariantGroup;
			children = (
				C572EF4526344F0100CB6086 /* Base */,
			);
			name = LaunchScreen.storyboard;
			path = .;
			sourceTree = "<group>";
		};
/* End PBXVariantGroup section */

/* Begin XCBuildConfiguration section */
		C572EF5E26344F0200CB6086 /* Debug */ = {
			isa = XCBuildConfiguration;
			buildSettings = {
				ALWAYS_SEARCH_USER_PATHS = NO;
				CLANG_ANALYZER_NONNULL = YES;
				CLANG_ANALYZER_NUMBER_OBJECT_CONVERSION = YES_AGGRESSIVE;
				CLANG_CXX_LANGUAGE_STANDARD = "gnu++14";
				CLANG_CXX_LIBRARY = "libc++";
				CLANG_ENABLE_MODULES = YES;
				CLANG_ENABLE_OBJC_ARC = YES;
				CLANG_ENABLE_OBJC_WEAK = YES;
				CLANG_WARN_BLOCK_CAPTURE_AUTORELEASING = YES;
				CLANG_WARN_BOOL_CONVERSION = YES;
				CLANG_WARN_COMMA = YES;
				CLANG_WARN_CONSTANT_CONVERSION = YES;
				CLANG_WARN_DEPRECATED_OBJC_IMPLEMENTATIONS = YES;
				CLANG_WARN_DIRECT_OBJC_ISA_USAGE = YES_ERROR;
				CLANG_WARN_DOCUMENTATION_COMMENTS = YES;
				CLANG_WARN_EMPTY_BODY = YES;
				CLANG_WARN_ENUM_CONVERSION = YES;
				CLANG_WARN_INFINITE_RECURSION = YES;
				CLANG_WARN_INT_CONVERSION = YES;
				CLANG_WARN_NON_LITERAL_NULL_CONVERSION = YES;
				CLANG_WARN_OBJC_IMPLICIT_RETAIN_SELF = YES;
				CLANG_WARN_OBJC_LITERAL_CONVERSION = YES;
				CLANG_WARN_OBJC_ROOT_CLASS = YES_ERROR;
				CLANG_WARN_QUOTED_INCLUDE_IN_FRAMEWORK_HEADER = YES;
				CLANG_WARN_RANGE_LOOP_ANALYSIS = YES;
				CLANG_WARN_STRICT_PROTOTYPES = YES;
				CLANG_WARN_SUSPICIOUS_MOVE = YES;
				CLANG_WARN_UNGUARDED_AVAILABILITY = YES_AGGRESSIVE;
				CLANG_WARN_UNREACHABLE_CODE = YES;
				CLANG_WARN__DUPLICATE_METHOD_MATCH = YES;
				COPY_PHASE_STRIP = NO;
				DEBUG_INFORMATION_FORMAT = dwarf;
				ENABLE_STRICT_OBJC_MSGSEND = YES;
				ENABLE_TESTABILITY = YES;
				GCC_C_LANGUAGE_STANDARD = gnu11;
				GCC_DYNAMIC_NO_PIC = NO;
				GCC_NO_COMMON_BLOCKS = YES;
				GCC_OPTIMIZATION_LEVEL = 0;
				GCC_PREPROCESSOR_DEFINITIONS = (
					"DEBUG=1",
					"$(inherited)",
				);
				GCC_WARN_64_TO_32_BIT_CONVERSION = YES;
				GCC_WARN_ABOUT_RETURN_TYPE = YES_ERROR;
				GCC_WARN_UNDECLARED_SELECTOR = YES;
				GCC_WARN_UNINITIALIZED_AUTOS = YES_AGGRESSIVE;
				GCC_WARN_UNUSED_FUNCTION = YES;
				GCC_WARN_UNUSED_VARIABLE = YES;
				IPHONEOS_DEPLOYMENT_TARGET = 14.3;
				MTL_ENABLE_DEBUG_INFO = INCLUDE_SOURCE;
				MTL_FAST_MATH = YES;
				ONLY_ACTIVE_ARCH = YES;
				SDKROOT = iphoneos;
				SWIFT_ACTIVE_COMPILATION_CONDITIONS = DEBUG;
				SWIFT_OPTIMIZATION_LEVEL = "-Onone";
			};
			name = Debug;
		};
		C572EF5F26344F0200CB6086 /* Release */ = {
			isa = XCBuildConfiguration;
			buildSettings = {
				ALWAYS_SEARCH_USER_PATHS = NO;
				CLANG_ANALYZER_NONNULL = YES;
				CLANG_ANALYZER_NUMBER_OBJECT_CONVERSION = YES_AGGRESSIVE;
				CLANG_CXX_LANGUAGE_STANDARD = "gnu++14";
				CLANG_CXX_LIBRARY = "libc++";
				CLANG_ENABLE_MODULES = YES;
				CLANG_ENABLE_OBJC_ARC = YES;
				CLANG_ENABLE_OBJC_WEAK = YES;
				CLANG_WARN_BLOCK_CAPTURE_AUTORELEASING = YES;
				CLANG_WARN_BOOL_CONVERSION = YES;
				CLANG_WARN_COMMA = YES;
				CLANG_WARN_CONSTANT_CONVERSION = YES;
				CLANG_WARN_DEPRECATED_OBJC_IMPLEMENTATIONS = YES;
				CLANG_WARN_DIRECT_OBJC_ISA_USAGE = YES_ERROR;
				CLANG_WARN_DOCUMENTATION_COMMENTS = YES;
				CLANG_WARN_EMPTY_BODY = YES;
				CLANG_WARN_ENUM_CONVERSION = YES;
				CLANG_WARN_INFINITE_RECURSION = YES;
				CLANG_WARN_INT_CONVERSION = YES;
				CLANG_WARN_NON_LITERAL_NULL_CONVERSION = YES;
				CLANG_WARN_OBJC_IMPLICIT_RETAIN_SELF = YES;
				CLANG_WARN_OBJC_LITERAL_CONVERSION = YES;
				CLANG_WARN_OBJC_ROOT_CLASS = YES_ERROR;
				CLANG_WARN_QUOTED_INCLUDE_IN_FRAMEWORK_HEADER = YES;
				CLANG_WARN_RANGE_LOOP_ANALYSIS = YES;
				CLANG_WARN_STRICT_PROTOTYPES = YES;
				CLANG_WARN_SUSPICIOUS_MOVE = YES;
				CLANG_WARN_UNGUARDED_AVAILABILITY = YES_AGGRESSIVE;
				CLANG_WARN_UNREACHABLE_CODE = YES;
				CLANG_WARN__DUPLICATE_METHOD_MATCH = YES;
				COPY_PHASE_STRIP = NO;
				DEBUG_INFORMATION_FORMAT = "dwarf-with-dsym";
				ENABLE_NS_ASSERTIONS = NO;
				ENABLE_STRICT_OBJC_MSGSEND = YES;
				GCC_C_LANGUAGE_STANDARD = gnu11;
				GCC_NO_COMMON_BLOCKS = YES;
				GCC_WARN_64_TO_32_BIT_CONVERSION = YES;
				GCC_WARN_ABOUT_RETURN_TYPE = YES_ERROR;
				GCC_WARN_UNDECLARED_SELECTOR = YES;
				GCC_WARN_UNINITIALIZED_AUTOS = YES_AGGRESSIVE;
				GCC_WARN_UNUSED_FUNCTION = YES;
				GCC_WARN_UNUSED_VARIABLE = YES;
				IPHONEOS_DEPLOYMENT_TARGET = 14.3;
				MTL_ENABLE_DEBUG_INFO = NO;
				MTL_FAST_MATH = YES;
				SDKROOT = iphoneos;
				SWIFT_COMPILATION_MODE = wholemodule;
				SWIFT_OPTIMIZATION_LEVEL = "-O";
				VALIDATE_PRODUCT = YES;
			};
			name = Release;
		};
		C572EF6126344F0200CB6086 /* Debug */ = {
			isa = XCBuildConfiguration;
			buildSettings = {
				ASSETCATALOG_COMPILER_APPICON_NAME = AppIcon;
				ASSETCATALOG_COMPILER_GLOBAL_ACCENT_COLOR_NAME = AccentColor;
				CODE_SIGN_STYLE = Automatic;
				DEVELOPMENT_TEAM = VK9JADUS66;
				INFOPLIST_FILE = StarWars/Resources/Info.plist;
				LD_RUNPATH_SEARCH_PATHS = (
					"$(inherited)",
					"@executable_path/Frameworks",
				);
				PRODUCT_BUNDLE_IDENTIFIER = reisdev.com.br.StarWars;
				PRODUCT_NAME = "$(TARGET_NAME)";
				SWIFT_VERSION = 5.0;
				TARGETED_DEVICE_FAMILY = "1,2";
			};
			name = Debug;
		};
		C572EF6226344F0200CB6086 /* Release */ = {
			isa = XCBuildConfiguration;
			buildSettings = {
				ASSETCATALOG_COMPILER_APPICON_NAME = AppIcon;
				ASSETCATALOG_COMPILER_GLOBAL_ACCENT_COLOR_NAME = AccentColor;
				CODE_SIGN_STYLE = Automatic;
				DEVELOPMENT_TEAM = VK9JADUS66;
				INFOPLIST_FILE = StarWars/Resources/Info.plist;
				LD_RUNPATH_SEARCH_PATHS = (
					"$(inherited)",
					"@executable_path/Frameworks",
				);
				PRODUCT_BUNDLE_IDENTIFIER = reisdev.com.br.StarWars;
				PRODUCT_NAME = "$(TARGET_NAME)";
				SWIFT_VERSION = 5.0;
				TARGETED_DEVICE_FAMILY = "1,2";
			};
			name = Release;
		};
		C572EF6426344F0200CB6086 /* Debug */ = {
			isa = XCBuildConfiguration;
			buildSettings = {
				ALWAYS_EMBED_SWIFT_STANDARD_LIBRARIES = YES;
				BUNDLE_LOADER = "$(TEST_HOST)";
				CODE_SIGN_STYLE = Automatic;
				DEVELOPMENT_TEAM = VK9JADUS66;
				INFOPLIST_FILE = StarWarsTests/Info.plist;
				IPHONEOS_DEPLOYMENT_TARGET = 14.3;
				LD_RUNPATH_SEARCH_PATHS = (
					"$(inherited)",
					"@executable_path/Frameworks",
					"@loader_path/Frameworks",
				);
				PRODUCT_BUNDLE_IDENTIFIER = reisdev.com.br.StarWarsTests;
				PRODUCT_NAME = "$(TARGET_NAME)";
				SWIFT_VERSION = 5.0;
				TARGETED_DEVICE_FAMILY = "1,2";
				TEST_HOST = "$(BUILT_PRODUCTS_DIR)/StarWars.app/StarWars";
			};
			name = Debug;
		};
		C572EF6526344F0200CB6086 /* Release */ = {
			isa = XCBuildConfiguration;
			buildSettings = {
				ALWAYS_EMBED_SWIFT_STANDARD_LIBRARIES = YES;
				BUNDLE_LOADER = "$(TEST_HOST)";
				CODE_SIGN_STYLE = Automatic;
				DEVELOPMENT_TEAM = VK9JADUS66;
				INFOPLIST_FILE = StarWarsTests/Info.plist;
				IPHONEOS_DEPLOYMENT_TARGET = 14.3;
				LD_RUNPATH_SEARCH_PATHS = (
					"$(inherited)",
					"@executable_path/Frameworks",
					"@loader_path/Frameworks",
				);
				PRODUCT_BUNDLE_IDENTIFIER = reisdev.com.br.StarWarsTests;
				PRODUCT_NAME = "$(TARGET_NAME)";
				SWIFT_VERSION = 5.0;
				TARGETED_DEVICE_FAMILY = "1,2";
				TEST_HOST = "$(BUILT_PRODUCTS_DIR)/StarWars.app/StarWars";
			};
			name = Release;
		};
		C572EF6726344F0200CB6086 /* Debug */ = {
			isa = XCBuildConfiguration;
			buildSettings = {
				ALWAYS_EMBED_SWIFT_STANDARD_LIBRARIES = YES;
				CODE_SIGN_STYLE = Automatic;
				DEVELOPMENT_TEAM = VK9JADUS66;
				INFOPLIST_FILE = StarWarsUITests/Info.plist;
				LD_RUNPATH_SEARCH_PATHS = (
					"$(inherited)",
					"@executable_path/Frameworks",
					"@loader_path/Frameworks",
				);
				PRODUCT_BUNDLE_IDENTIFIER = reisdev.com.br.StarWarsUITests;
				PRODUCT_NAME = "$(TARGET_NAME)";
				SWIFT_VERSION = 5.0;
				TARGETED_DEVICE_FAMILY = "1,2";
				TEST_TARGET_NAME = StarWarsDeck;
			};
			name = Debug;
		};
		C572EF6826344F0200CB6086 /* Release */ = {
			isa = XCBuildConfiguration;
			buildSettings = {
				ALWAYS_EMBED_SWIFT_STANDARD_LIBRARIES = YES;
				CODE_SIGN_STYLE = Automatic;
				DEVELOPMENT_TEAM = VK9JADUS66;
				INFOPLIST_FILE = StarWarsUITests/Info.plist;
				LD_RUNPATH_SEARCH_PATHS = (
					"$(inherited)",
					"@executable_path/Frameworks",
					"@loader_path/Frameworks",
				);
				PRODUCT_BUNDLE_IDENTIFIER = reisdev.com.br.StarWarsUITests;
				PRODUCT_NAME = "$(TARGET_NAME)";
				SWIFT_VERSION = 5.0;
				TARGETED_DEVICE_FAMILY = "1,2";
				TEST_TARGET_NAME = StarWarsDeck;
			};
			name = Release;
		};
/* End XCBuildConfiguration section */

/* Begin XCConfigurationList section */
		C572EF3126344EFF00CB6086 /* Build configuration list for PBXProject "StarWars" */ = {
			isa = XCConfigurationList;
			buildConfigurations = (
				C572EF5E26344F0200CB6086 /* Debug */,
				C572EF5F26344F0200CB6086 /* Release */,
			);
			defaultConfigurationIsVisible = 0;
			defaultConfigurationName = Release;
		};
		C572EF6026344F0200CB6086 /* Build configuration list for PBXNativeTarget "StarWars" */ = {
			isa = XCConfigurationList;
			buildConfigurations = (
				C572EF6126344F0200CB6086 /* Debug */,
				C572EF6226344F0200CB6086 /* Release */,
			);
			defaultConfigurationIsVisible = 0;
			defaultConfigurationName = Release;
		};
		C572EF6326344F0200CB6086 /* Build configuration list for PBXNativeTarget "StarWarsTests" */ = {
			isa = XCConfigurationList;
			buildConfigurations = (
				C572EF6426344F0200CB6086 /* Debug */,
				C572EF6526344F0200CB6086 /* Release */,
			);
			defaultConfigurationIsVisible = 0;
			defaultConfigurationName = Release;
		};
		C572EF6626344F0200CB6086 /* Build configuration list for PBXNativeTarget "StarWarsUITests" */ = {
			isa = XCConfigurationList;
			buildConfigurations = (
				C572EF6726344F0200CB6086 /* Debug */,
				C572EF6826344F0200CB6086 /* Release */,
			);
			defaultConfigurationIsVisible = 0;
			defaultConfigurationName = Release;
		};
/* End XCConfigurationList section */

/* Begin XCRemoteSwiftPackageReference section */
		C59BECCA2A7D009B00B3A554 /* XCRemoteSwiftPackageReference "RxSwift" */ = {
			isa = XCRemoteSwiftPackageReference;
			repositoryURL = "https://github.com/ReactiveX/RxSwift";
			requirement = {
				kind = upToNextMajorVersion;
				minimumVersion = 5.0.0;
			};
		};
		C59BECD22A7D00BF00B3A554 /* XCRemoteSwiftPackageReference "SnapKit" */ = {
			isa = XCRemoteSwiftPackageReference;
			repositoryURL = "https://github.com/SnapKit/SnapKit.git";
			requirement = {
				kind = upToNextMajorVersion;
				minimumVersion = 5.0.0;
			};
		};
/* End XCRemoteSwiftPackageReference section */

/* Begin XCSwiftPackageProductDependency section */
		C59BECCB2A7D009B00B3A554 /* RxCocoa */ = {
			isa = XCSwiftPackageProductDependency;
			package = C59BECCA2A7D009B00B3A554 /* XCRemoteSwiftPackageReference "RxSwift" */;
			productName = RxCocoa;
		};
		C59BECCD2A7D009B00B3A554 /* RxSwift */ = {
			isa = XCSwiftPackageProductDependency;
			package = C59BECCA2A7D009B00B3A554 /* XCRemoteSwiftPackageReference "RxSwift" */;
			productName = RxSwift;
		};
		C59BECD32A7D00BF00B3A554 /* SnapKit */ = {
			isa = XCSwiftPackageProductDependency;
			package = C59BECD22A7D00BF00B3A554 /* XCRemoteSwiftPackageReference "SnapKit" */;
			productName = SnapKit;
		};
/* End XCSwiftPackageProductDependency section */
	};
	rootObject = C572EF2E26344EFF00CB6086 /* Project object */;
}
